// !$*UTF8*$!
{
	archiveVersion = 1;
	classes = {
	};
	objectVersion = 46;
	objects = {

/* Begin PBXBuildFile section */
		4D9DCAA1E2E2AE5F41D81A74 /* Pods_DeviceWallpaper.framework in Frameworks */ = {isa = PBXBuildFile; fileRef = 52FABC786E00D464ACCD6F16 /* Pods_DeviceWallpaper.framework */; };
		E319E89B1E9CB3260082BFDF /* WallpaperListRouter.swift in Sources */ = {isa = PBXBuildFile; fileRef = E319E89A1E9CB3260082BFDF /* WallpaperListRouter.swift */; };
		E324C5211EA0E7A200654BC5 /* Device.swift in Sources */ = {isa = PBXBuildFile; fileRef = E324C5201EA0E7A200654BC5 /* Device.swift */; };
		E32B1CFC1EA065AF00F9BEF8 /* WallpaperInteractor.swift in Sources */ = {isa = PBXBuildFile; fileRef = E32B1CFB1EA065AF00F9BEF8 /* WallpaperInteractor.swift */; };
		E32B1D011EA0755900F9BEF8 /* SimpleView.swift in Sources */ = {isa = PBXBuildFile; fileRef = E32B1D001EA0755900F9BEF8 /* SimpleView.swift */; };
		E32D05561E9CBB8B009C41D2 /* WallpaperListPresenter.swift in Sources */ = {isa = PBXBuildFile; fileRef = E32D05551E9CBB8B009C41D2 /* WallpaperListPresenter.swift */; };
		E32D05581E9CBB9C009C41D2 /* WallpaperListInteractor.swift in Sources */ = {isa = PBXBuildFile; fileRef = E32D05571E9CBB9C009C41D2 /* WallpaperListInteractor.swift */; };
		E32D055A1E9CBBD7009C41D2 /* WallpaperListViewController.swift in Sources */ = {isa = PBXBuildFile; fileRef = E32D05591E9CBBD7009C41D2 /* WallpaperListViewController.swift */; };
		E32D055D1E9CD017009C41D2 /* WallpaperListContract.swift in Sources */ = {isa = PBXBuildFile; fileRef = E32D055C1E9CD017009C41D2 /* WallpaperListContract.swift */; };
		E32D055F1E9CD497009C41D2 /* RootContract.swift in Sources */ = {isa = PBXBuildFile; fileRef = E32D055E1E9CD497009C41D2 /* RootContract.swift */; };
		E32D05611E9CE499009C41D2 /* WallpapersType.swift in Sources */ = {isa = PBXBuildFile; fileRef = E32D05601E9CE499009C41D2 /* WallpapersType.swift */; };
		E32D05631E9F469A009C41D2 /* WallpaperContract.swift in Sources */ = {isa = PBXBuildFile; fileRef = E32D05621E9F469A009C41D2 /* WallpaperContract.swift */; };
		E32D05651E9F46F7009C41D2 /* WallpaperPresenter.swift in Sources */ = {isa = PBXBuildFile; fileRef = E32D05641E9F46F7009C41D2 /* WallpaperPresenter.swift */; };
		E32D05671E9F4705009C41D2 /* WallpaperViewController.swift in Sources */ = {isa = PBXBuildFile; fileRef = E32D05661E9F4705009C41D2 /* WallpaperViewController.swift */; };
		E32D05691E9F48B4009C41D2 /* WallpaperRouter.swift in Sources */ = {isa = PBXBuildFile; fileRef = E32D05681E9F48B4009C41D2 /* WallpaperRouter.swift */; };
		E330469D1EA71D7300D6B995 /* NormalView.swift in Sources */ = {isa = PBXBuildFile; fileRef = E330469C1EA71D7300D6B995 /* NormalView.swift */; };
		E338DC281EAA24AA00536908 /* MockNavigationController.swift in Sources */ = {isa = PBXBuildFile; fileRef = E338DC271EAA24AA00536908 /* MockNavigationController.swift */; };
		E34FC5031EA8FD9100D9313F /* WallpaperListRouterSpec.swift in Sources */ = {isa = PBXBuildFile; fileRef = E34FC5021EA8FD9100D9313F /* WallpaperListRouterSpec.swift */; };
		E34FC5071EA8FFF700D9313F /* MockWallpaperList.swift in Sources */ = {isa = PBXBuildFile; fileRef = E34FC5061EA8FFF700D9313F /* MockWallpaperList.swift */; };
		E34FC51B1EAB3E7700D9313F /* DeviceInfoContract.swift in Sources */ = {isa = PBXBuildFile; fileRef = E34FC51A1EAB3E7700D9313F /* DeviceInfoContract.swift */; };
		E34FC5241EAB3FC100D9313F /* DeviceInfoRouter.swift in Sources */ = {isa = PBXBuildFile; fileRef = E34FC5231EAB3FC100D9313F /* DeviceInfoRouter.swift */; };
		E34FC5261EAB3FCB00D9313F /* DeviceInfoInteractor.swift in Sources */ = {isa = PBXBuildFile; fileRef = E34FC5251EAB3FCB00D9313F /* DeviceInfoInteractor.swift */; };
		E34FC52A1EAB3FE800D9313F /* DeviceInfoViewController.swift in Sources */ = {isa = PBXBuildFile; fileRef = E34FC5291EAB3FE800D9313F /* DeviceInfoViewController.swift */; };
		E34FC52D1EAB401800D9313F /* DeviceInfoPresenter.swift in Sources */ = {isa = PBXBuildFile; fileRef = E34FC52C1EAB401800D9313F /* DeviceInfoPresenter.swift */; };
		E34FC52F1EAB402200D9313F /* DeviceInfoDataManager.swift in Sources */ = {isa = PBXBuildFile; fileRef = E34FC52E1EAB402200D9313F /* DeviceInfoDataManager.swift */; };
		E34FC5311EAB40DB00D9313F /* DeviceInfoViewController.storyboard in Resources */ = {isa = PBXBuildFile; fileRef = E34FC5301EAB40DB00D9313F /* DeviceInfoViewController.storyboard */; };
		E34FC5331EAB436300D9313F /* NSObjectProtocol+Ex.swift in Sources */ = {isa = PBXBuildFile; fileRef = E34FC5321EAB436300D9313F /* NSObjectProtocol+Ex.swift */; };
		E34FC5351EAB43C600D9313F /* Storyboardable.swift in Sources */ = {isa = PBXBuildFile; fileRef = E34FC5341EAB43C600D9313F /* Storyboardable.swift */; };
		E34FC5401EAC751000D9313F /* AppleDeviceRequest.swift in Sources */ = {isa = PBXBuildFile; fileRef = E34FC53F1EAC751000D9313F /* AppleDeviceRequest.swift */; };
		E34FC5421EAC767300D9313F /* AppleDeviceAPI.swift in Sources */ = {isa = PBXBuildFile; fileRef = E34FC5411EAC767300D9313F /* AppleDeviceAPI.swift */; };
		E34FC5461EAC79B300D9313F /* TargetDevice.swift in Sources */ = {isa = PBXBuildFile; fileRef = E34FC5451EAC79B300D9313F /* TargetDevice.swift */; };
		E34FC5481EAC823F00D9313F /* DeviceType+Ex.swift in Sources */ = {isa = PBXBuildFile; fileRef = E34FC5471EAC823F00D9313F /* DeviceType+Ex.swift */; };
		E350A8101E9C9C6E00CECF5E /* Log.swift in Sources */ = {isa = PBXBuildFile; fileRef = E350A80F1E9C9C6E00CECF5E /* Log.swift */; };
		E350A8131E9C9F0300CECF5E /* DefaultsKeys+Ex.swift in Sources */ = {isa = PBXBuildFile; fileRef = E350A8121E9C9F0300CECF5E /* DefaultsKeys+Ex.swift */; };
		E350A81F1E9C9FBD00CECF5E /* APIKit.framework in Frameworks */ = {isa = PBXBuildFile; fileRef = E350A8141E9C9FBD00CECF5E /* APIKit.framework */; };
		E350A8201E9C9FBD00CECF5E /* ObjectMapper.framework in Frameworks */ = {isa = PBXBuildFile; fileRef = E350A8151E9C9FBD00CECF5E /* ObjectMapper.framework */; };
		E350A8211E9C9FBD00CECF5E /* Result.framework in Frameworks */ = {isa = PBXBuildFile; fileRef = E350A8161E9C9FBD00CECF5E /* Result.framework */; };
		E350A8251E9C9FBD00CECF5E /* SnapKit.framework in Frameworks */ = {isa = PBXBuildFile; fileRef = E350A81A1E9C9FBD00CECF5E /* SnapKit.framework */; };
		E350A8261E9C9FBD00CECF5E /* SVProgressHUD.framework in Frameworks */ = {isa = PBXBuildFile; fileRef = E350A81B1E9C9FBD00CECF5E /* SVProgressHUD.framework */; };
		E350A8271E9C9FBD00CECF5E /* SwiftDate.framework in Frameworks */ = {isa = PBXBuildFile; fileRef = E350A81C1E9C9FBD00CECF5E /* SwiftDate.framework */; };
		E350A8281E9C9FBD00CECF5E /* SwiftyBeaver.framework in Frameworks */ = {isa = PBXBuildFile; fileRef = E350A81D1E9C9FBD00CECF5E /* SwiftyBeaver.framework */; };
		E350A8291E9C9FBD00CECF5E /* SwiftyUserDefaults.framework in Frameworks */ = {isa = PBXBuildFile; fileRef = E350A81E1E9C9FBD00CECF5E /* SwiftyUserDefaults.framework */; };
		E351D3FD1EA0DAAA000600A7 /* GradientLabel.swift in Sources */ = {isa = PBXBuildFile; fileRef = E351D3FC1EA0DAAA000600A7 /* GradientLabel.swift */; };
		E379B4FB1E9CB07400D1CDEF /* RootRouter.swift in Sources */ = {isa = PBXBuildFile; fileRef = E379B4FA1E9CB07400D1CDEF /* RootRouter.swift */; };
		E3803A071E936CBF0024D76E /* AppDelegate.swift in Sources */ = {isa = PBXBuildFile; fileRef = E3803A061E936CBF0024D76E /* AppDelegate.swift */; };
		E3803A0E1E936CBF0024D76E /* Assets.xcassets in Resources */ = {isa = PBXBuildFile; fileRef = E3803A0D1E936CBF0024D76E /* Assets.xcassets */; };
		E3803A111E936CBF0024D76E /* LaunchScreen.storyboard in Resources */ = {isa = PBXBuildFile; fileRef = E3803A0F1E936CBF0024D76E /* LaunchScreen.storyboard */; };
		E38AF1D91EA841EC00A14EB0 /* Quick.framework in Frameworks */ = {isa = PBXBuildFile; fileRef = E38AF1D81EA841EC00A14EB0 /* Quick.framework */; };
		E38AF1DB1EA8420300A14EB0 /* Nimble.framework in Frameworks */ = {isa = PBXBuildFile; fileRef = E38AF1DA1EA8420300A14EB0 /* Nimble.framework */; };
		E38AF1DC1EA8455100A14EB0 /* APIKit.framework in Frameworks */ = {isa = PBXBuildFile; fileRef = E350A8141E9C9FBD00CECF5E /* APIKit.framework */; };
		E38AF1DD1EA8455100A14EB0 /* Device.framework in Frameworks */ = {isa = PBXBuildFile; fileRef = E3CF2C631EA3C4F00098706F /* Device.framework */; };
		E38AF1DE1EA8455100A14EB0 /* ObjectMapper.framework in Frameworks */ = {isa = PBXBuildFile; fileRef = E350A8151E9C9FBD00CECF5E /* ObjectMapper.framework */; };
		E38AF1DF1EA8455100A14EB0 /* Result.framework in Frameworks */ = {isa = PBXBuildFile; fileRef = E350A8161E9C9FBD00CECF5E /* Result.framework */; };
		E38AF1E01EA8455100A14EB0 /* SnapKit.framework in Frameworks */ = {isa = PBXBuildFile; fileRef = E350A81A1E9C9FBD00CECF5E /* SnapKit.framework */; };
		E38AF1E11EA8455100A14EB0 /* SVProgressHUD.framework in Frameworks */ = {isa = PBXBuildFile; fileRef = E350A81B1E9C9FBD00CECF5E /* SVProgressHUD.framework */; };
		E38AF1E21EA8455100A14EB0 /* SwiftDate.framework in Frameworks */ = {isa = PBXBuildFile; fileRef = E350A81C1E9C9FBD00CECF5E /* SwiftDate.framework */; };
		E38AF1E31EA8455100A14EB0 /* SwiftyBeaver.framework in Frameworks */ = {isa = PBXBuildFile; fileRef = E350A81D1E9C9FBD00CECF5E /* SwiftyBeaver.framework */; };
		E38AF1E41EA8455100A14EB0 /* SwiftyUserDefaults.framework in Frameworks */ = {isa = PBXBuildFile; fileRef = E350A81E1E9C9FBD00CECF5E /* SwiftyUserDefaults.framework */; };
		E38AF24A1EA7714500A23DAD /* Settings.bundle in Resources */ = {isa = PBXBuildFile; fileRef = E38AF2491EA7714500A23DAD /* Settings.bundle */; };
		E39C8C6E1EA486C3008F5F8B /* WallpaperDataManager.swift in Sources */ = {isa = PBXBuildFile; fileRef = E39C8C6D1EA486C3008F5F8B /* WallpaperDataManager.swift */; };
		E39C8C721EA61593008F5F8B /* UIView+Ex.swift in Sources */ = {isa = PBXBuildFile; fileRef = E39C8C711EA61593008F5F8B /* UIView+Ex.swift */; };
		E3B8CE2E1EA8877E00FDB599 /* WallpaperListInteractorSpec.swift in Sources */ = {isa = PBXBuildFile; fileRef = E3B8CE2D1EA8877E00FDB599 /* WallpaperListInteractorSpec.swift */; };
		E3B9D0AC1EADE7E100312F28 /* DetailView.swift in Sources */ = {isa = PBXBuildFile; fileRef = E3B9D0AB1EADE7E100312F28 /* DetailView.swift */; };
		E3CF2C641EA3C4F00098706F /* Device.framework in Frameworks */ = {isa = PBXBuildFile; fileRef = E3CF2C631EA3C4F00098706F /* Device.framework */; };
		E3CF2C661EA3CF840098706F /* SystemVersion.swift in Sources */ = {isa = PBXBuildFile; fileRef = E3CF2C651EA3CF840098706F /* SystemVersion.swift */; };
		E3CF2C681EA3D5E00098706F /* DeviceVersion+Ex.swift in Sources */ = {isa = PBXBuildFile; fileRef = E3CF2C671EA3D5E00098706F /* DeviceVersion+Ex.swift */; };
		E3DE48A21EA89263001A5E6A /* WallpaperListPresenterSpec.swift in Sources */ = {isa = PBXBuildFile; fileRef = E3DE48A11EA89263001A5E6A /* WallpaperListPresenterSpec.swift */; };
/* End PBXBuildFile section */

/* Begin PBXContainerItemProxy section */
		E38AF1D31EA8416300A14EB0 /* PBXContainerItemProxy */ = {
			isa = PBXContainerItemProxy;
			containerPortal = E38039FB1E936CBF0024D76E /* Project object */;
			proxyType = 1;
			remoteGlobalIDString = E3803A021E936CBF0024D76E;
			remoteInfo = DeviceWallpaper;
		};
/* End PBXContainerItemProxy section */

/* Begin PBXFileReference section */
		52FABC786E00D464ACCD6F16 /* Pods_DeviceWallpaper.framework */ = {isa = PBXFileReference; explicitFileType = wrapper.framework; includeInIndex = 0; path = Pods_DeviceWallpaper.framework; sourceTree = BUILT_PRODUCTS_DIR; };
		5753D11FBB18425A9E087076 /* Pods-DeviceWallpaper.release.xcconfig */ = {isa = PBXFileReference; includeInIndex = 1; lastKnownFileType = text.xcconfig; name = "Pods-DeviceWallpaper.release.xcconfig"; path = "Pods/Target Support Files/Pods-DeviceWallpaper/Pods-DeviceWallpaper.release.xcconfig"; sourceTree = "<group>"; };
		CF75D06F704A4A0FDEF4E4EF /* Pods-DeviceWallpaper.debug.xcconfig */ = {isa = PBXFileReference; includeInIndex = 1; lastKnownFileType = text.xcconfig; name = "Pods-DeviceWallpaper.debug.xcconfig"; path = "Pods/Target Support Files/Pods-DeviceWallpaper/Pods-DeviceWallpaper.debug.xcconfig"; sourceTree = "<group>"; };
		E319E89A1E9CB3260082BFDF /* WallpaperListRouter.swift */ = {isa = PBXFileReference; fileEncoding = 4; lastKnownFileType = sourcecode.swift; path = WallpaperListRouter.swift; sourceTree = "<group>"; };
		E324C5201EA0E7A200654BC5 /* Device.swift */ = {isa = PBXFileReference; fileEncoding = 4; lastKnownFileType = sourcecode.swift; path = Device.swift; sourceTree = "<group>"; };
		E32B1CFB1EA065AF00F9BEF8 /* WallpaperInteractor.swift */ = {isa = PBXFileReference; fileEncoding = 4; lastKnownFileType = sourcecode.swift; path = WallpaperInteractor.swift; sourceTree = "<group>"; };
		E32B1D001EA0755900F9BEF8 /* SimpleView.swift */ = {isa = PBXFileReference; fileEncoding = 4; lastKnownFileType = sourcecode.swift; path = SimpleView.swift; sourceTree = "<group>"; };
		E32D05551E9CBB8B009C41D2 /* WallpaperListPresenter.swift */ = {isa = PBXFileReference; fileEncoding = 4; lastKnownFileType = sourcecode.swift; path = WallpaperListPresenter.swift; sourceTree = "<group>"; };
		E32D05571E9CBB9C009C41D2 /* WallpaperListInteractor.swift */ = {isa = PBXFileReference; fileEncoding = 4; lastKnownFileType = sourcecode.swift; path = WallpaperListInteractor.swift; sourceTree = "<group>"; };
		E32D05591E9CBBD7009C41D2 /* WallpaperListViewController.swift */ = {isa = PBXFileReference; fileEncoding = 4; lastKnownFileType = sourcecode.swift; path = WallpaperListViewController.swift; sourceTree = "<group>"; };
		E32D055C1E9CD017009C41D2 /* WallpaperListContract.swift */ = {isa = PBXFileReference; fileEncoding = 4; lastKnownFileType = sourcecode.swift; path = WallpaperListContract.swift; sourceTree = "<group>"; };
		E32D055E1E9CD497009C41D2 /* RootContract.swift */ = {isa = PBXFileReference; fileEncoding = 4; lastKnownFileType = sourcecode.swift; path = RootContract.swift; sourceTree = "<group>"; };
		E32D05601E9CE499009C41D2 /* WallpapersType.swift */ = {isa = PBXFileReference; fileEncoding = 4; lastKnownFileType = sourcecode.swift; path = WallpapersType.swift; sourceTree = "<group>"; };
		E32D05621E9F469A009C41D2 /* WallpaperContract.swift */ = {isa = PBXFileReference; fileEncoding = 4; lastKnownFileType = sourcecode.swift; path = WallpaperContract.swift; sourceTree = "<group>"; };
		E32D05641E9F46F7009C41D2 /* WallpaperPresenter.swift */ = {isa = PBXFileReference; fileEncoding = 4; lastKnownFileType = sourcecode.swift; path = WallpaperPresenter.swift; sourceTree = "<group>"; };
		E32D05661E9F4705009C41D2 /* WallpaperViewController.swift */ = {isa = PBXFileReference; fileEncoding = 4; lastKnownFileType = sourcecode.swift; path = WallpaperViewController.swift; sourceTree = "<group>"; };
		E32D05681E9F48B4009C41D2 /* WallpaperRouter.swift */ = {isa = PBXFileReference; fileEncoding = 4; lastKnownFileType = sourcecode.swift; path = WallpaperRouter.swift; sourceTree = "<group>"; };
		E330469C1EA71D7300D6B995 /* NormalView.swift */ = {isa = PBXFileReference; fileEncoding = 4; lastKnownFileType = sourcecode.swift; path = NormalView.swift; sourceTree = "<group>"; };
		E338DC271EAA24AA00536908 /* MockNavigationController.swift */ = {isa = PBXFileReference; fileEncoding = 4; lastKnownFileType = sourcecode.swift; path = MockNavigationController.swift; sourceTree = "<group>"; };
		E34FC5021EA8FD9100D9313F /* WallpaperListRouterSpec.swift */ = {isa = PBXFileReference; fileEncoding = 4; lastKnownFileType = sourcecode.swift; path = WallpaperListRouterSpec.swift; sourceTree = "<group>"; };
		E34FC5061EA8FFF700D9313F /* MockWallpaperList.swift */ = {isa = PBXFileReference; fileEncoding = 4; lastKnownFileType = sourcecode.swift; path = MockWallpaperList.swift; sourceTree = "<group>"; };
		E34FC51A1EAB3E7700D9313F /* DeviceInfoContract.swift */ = {isa = PBXFileReference; fileEncoding = 4; lastKnownFileType = sourcecode.swift; path = DeviceInfoContract.swift; sourceTree = "<group>"; };
		E34FC5231EAB3FC100D9313F /* DeviceInfoRouter.swift */ = {isa = PBXFileReference; fileEncoding = 4; lastKnownFileType = sourcecode.swift; path = DeviceInfoRouter.swift; sourceTree = "<group>"; };
		E34FC5251EAB3FCB00D9313F /* DeviceInfoInteractor.swift */ = {isa = PBXFileReference; fileEncoding = 4; lastKnownFileType = sourcecode.swift; path = DeviceInfoInteractor.swift; sourceTree = "<group>"; };
		E34FC5291EAB3FE800D9313F /* DeviceInfoViewController.swift */ = {isa = PBXFileReference; fileEncoding = 4; lastKnownFileType = sourcecode.swift; path = DeviceInfoViewController.swift; sourceTree = "<group>"; };
		E34FC52C1EAB401800D9313F /* DeviceInfoPresenter.swift */ = {isa = PBXFileReference; fileEncoding = 4; lastKnownFileType = sourcecode.swift; path = DeviceInfoPresenter.swift; sourceTree = "<group>"; };
		E34FC52E1EAB402200D9313F /* DeviceInfoDataManager.swift */ = {isa = PBXFileReference; fileEncoding = 4; lastKnownFileType = sourcecode.swift; path = DeviceInfoDataManager.swift; sourceTree = "<group>"; };
		E34FC5301EAB40DB00D9313F /* DeviceInfoViewController.storyboard */ = {isa = PBXFileReference; fileEncoding = 4; lastKnownFileType = file.storyboard; path = DeviceInfoViewController.storyboard; sourceTree = "<group>"; };
		E34FC5321EAB436300D9313F /* NSObjectProtocol+Ex.swift */ = {isa = PBXFileReference; fileEncoding = 4; lastKnownFileType = sourcecode.swift; path = "NSObjectProtocol+Ex.swift"; sourceTree = "<group>"; };
		E34FC5341EAB43C600D9313F /* Storyboardable.swift */ = {isa = PBXFileReference; fileEncoding = 4; lastKnownFileType = sourcecode.swift; path = Storyboardable.swift; sourceTree = "<group>"; };
		E34FC53F1EAC751000D9313F /* AppleDeviceRequest.swift */ = {isa = PBXFileReference; fileEncoding = 4; lastKnownFileType = sourcecode.swift; path = AppleDeviceRequest.swift; sourceTree = "<group>"; };
		E34FC5411EAC767300D9313F /* AppleDeviceAPI.swift */ = {isa = PBXFileReference; fileEncoding = 4; lastKnownFileType = sourcecode.swift; path = AppleDeviceAPI.swift; sourceTree = "<group>"; };
		E34FC5451EAC79B300D9313F /* TargetDevice.swift */ = {isa = PBXFileReference; fileEncoding = 4; lastKnownFileType = sourcecode.swift; path = TargetDevice.swift; sourceTree = "<group>"; };
		E34FC5471EAC823F00D9313F /* DeviceType+Ex.swift */ = {isa = PBXFileReference; fileEncoding = 4; lastKnownFileType = sourcecode.swift; path = "DeviceType+Ex.swift"; sourceTree = "<group>"; };
		E350A80F1E9C9C6E00CECF5E /* Log.swift */ = {isa = PBXFileReference; fileEncoding = 4; lastKnownFileType = sourcecode.swift; path = Log.swift; sourceTree = "<group>"; };
		E350A8121E9C9F0300CECF5E /* DefaultsKeys+Ex.swift */ = {isa = PBXFileReference; fileEncoding = 4; lastKnownFileType = sourcecode.swift; path = "DefaultsKeys+Ex.swift"; sourceTree = "<group>"; };
		E350A8141E9C9FBD00CECF5E /* APIKit.framework */ = {isa = PBXFileReference; lastKnownFileType = wrapper.framework; name = APIKit.framework; path = Carthage/Build/iOS/APIKit.framework; sourceTree = "<group>"; };
		E350A8151E9C9FBD00CECF5E /* ObjectMapper.framework */ = {isa = PBXFileReference; lastKnownFileType = wrapper.framework; name = ObjectMapper.framework; path = Carthage/Build/iOS/ObjectMapper.framework; sourceTree = "<group>"; };
		E350A8161E9C9FBD00CECF5E /* Result.framework */ = {isa = PBXFileReference; lastKnownFileType = wrapper.framework; name = Result.framework; path = Carthage/Build/iOS/Result.framework; sourceTree = "<group>"; };
		E350A8171E9C9FBD00CECF5E /* RxCocoa.framework */ = {isa = PBXFileReference; lastKnownFileType = wrapper.framework; name = RxCocoa.framework; path = Carthage/Build/iOS/RxCocoa.framework; sourceTree = "<group>"; };
		E350A8181E9C9FBD00CECF5E /* RxSwift.framework */ = {isa = PBXFileReference; lastKnownFileType = wrapper.framework; name = RxSwift.framework; path = Carthage/Build/iOS/RxSwift.framework; sourceTree = "<group>"; };
		E350A8191E9C9FBD00CECF5E /* RxTest.framework */ = {isa = PBXFileReference; lastKnownFileType = wrapper.framework; name = RxTest.framework; path = Carthage/Build/iOS/RxTest.framework; sourceTree = "<group>"; };
		E350A81A1E9C9FBD00CECF5E /* SnapKit.framework */ = {isa = PBXFileReference; lastKnownFileType = wrapper.framework; name = SnapKit.framework; path = Carthage/Build/iOS/SnapKit.framework; sourceTree = "<group>"; };
		E350A81B1E9C9FBD00CECF5E /* SVProgressHUD.framework */ = {isa = PBXFileReference; lastKnownFileType = wrapper.framework; name = SVProgressHUD.framework; path = Carthage/Build/iOS/SVProgressHUD.framework; sourceTree = "<group>"; };
		E350A81C1E9C9FBD00CECF5E /* SwiftDate.framework */ = {isa = PBXFileReference; lastKnownFileType = wrapper.framework; name = SwiftDate.framework; path = Carthage/Build/iOS/SwiftDate.framework; sourceTree = "<group>"; };
		E350A81D1E9C9FBD00CECF5E /* SwiftyBeaver.framework */ = {isa = PBXFileReference; lastKnownFileType = wrapper.framework; name = SwiftyBeaver.framework; path = Carthage/Build/iOS/SwiftyBeaver.framework; sourceTree = "<group>"; };
		E350A81E1E9C9FBD00CECF5E /* SwiftyUserDefaults.framework */ = {isa = PBXFileReference; lastKnownFileType = wrapper.framework; name = SwiftyUserDefaults.framework; path = Carthage/Build/iOS/SwiftyUserDefaults.framework; sourceTree = "<group>"; };
		E351D3FC1EA0DAAA000600A7 /* GradientLabel.swift */ = {isa = PBXFileReference; fileEncoding = 4; lastKnownFileType = sourcecode.swift; path = GradientLabel.swift; sourceTree = "<group>"; };
		E379B4FA1E9CB07400D1CDEF /* RootRouter.swift */ = {isa = PBXFileReference; fileEncoding = 4; lastKnownFileType = sourcecode.swift; path = RootRouter.swift; sourceTree = "<group>"; };
		E3803A031E936CBF0024D76E /* DeviceWallpaper.app */ = {isa = PBXFileReference; explicitFileType = wrapper.application; includeInIndex = 0; path = DeviceWallpaper.app; sourceTree = BUILT_PRODUCTS_DIR; };
		E3803A061E936CBF0024D76E /* AppDelegate.swift */ = {isa = PBXFileReference; lastKnownFileType = sourcecode.swift; path = AppDelegate.swift; sourceTree = "<group>"; };
		E3803A0D1E936CBF0024D76E /* Assets.xcassets */ = {isa = PBXFileReference; lastKnownFileType = folder.assetcatalog; path = Assets.xcassets; sourceTree = "<group>"; };
		E3803A101E936CBF0024D76E /* Base */ = {isa = PBXFileReference; lastKnownFileType = file.storyboard; name = Base; path = Base.lproj/LaunchScreen.storyboard; sourceTree = "<group>"; };
		E3803A121E936CBF0024D76E /* Info.plist */ = {isa = PBXFileReference; lastKnownFileType = text.plist.xml; path = Info.plist; sourceTree = "<group>"; };
		E38AF1CE1EA8416200A14EB0 /* DeviceWallpaperTests.xctest */ = {isa = PBXFileReference; explicitFileType = wrapper.cfbundle; includeInIndex = 0; path = DeviceWallpaperTests.xctest; sourceTree = BUILT_PRODUCTS_DIR; };
		E38AF1D21EA8416300A14EB0 /* Info.plist */ = {isa = PBXFileReference; lastKnownFileType = text.plist.xml; path = Info.plist; sourceTree = "<group>"; };
		E38AF1D81EA841EC00A14EB0 /* Quick.framework */ = {isa = PBXFileReference; lastKnownFileType = wrapper.framework; name = Quick.framework; path = Carthage/Build/iOS/Quick.framework; sourceTree = "<group>"; };
		E38AF1DA1EA8420300A14EB0 /* Nimble.framework */ = {isa = PBXFileReference; lastKnownFileType = wrapper.framework; name = Nimble.framework; path = Carthage/Build/iOS/Nimble.framework; sourceTree = "<group>"; };
		E38AF2491EA7714500A23DAD /* Settings.bundle */ = {isa = PBXFileReference; lastKnownFileType = "wrapper.plug-in"; path = Settings.bundle; sourceTree = "<group>"; };
		E39C8C6D1EA486C3008F5F8B /* WallpaperDataManager.swift */ = {isa = PBXFileReference; fileEncoding = 4; lastKnownFileType = sourcecode.swift; path = WallpaperDataManager.swift; sourceTree = "<group>"; };
		E39C8C711EA61593008F5F8B /* UIView+Ex.swift */ = {isa = PBXFileReference; fileEncoding = 4; lastKnownFileType = sourcecode.swift; path = "UIView+Ex.swift"; sourceTree = "<group>"; };
		E3B8CE2D1EA8877E00FDB599 /* WallpaperListInteractorSpec.swift */ = {isa = PBXFileReference; fileEncoding = 4; lastKnownFileType = sourcecode.swift; path = WallpaperListInteractorSpec.swift; sourceTree = "<group>"; };
		E3B9D0AB1EADE7E100312F28 /* DetailView.swift */ = {isa = PBXFileReference; fileEncoding = 4; lastKnownFileType = sourcecode.swift; path = DetailView.swift; sourceTree = "<group>"; };
		E3CF2C631EA3C4F00098706F /* Device.framework */ = {isa = PBXFileReference; lastKnownFileType = wrapper.framework; name = Device.framework; path = Carthage/Build/iOS/Device.framework; sourceTree = "<group>"; };
		E3CF2C651EA3CF840098706F /* SystemVersion.swift */ = {isa = PBXFileReference; fileEncoding = 4; lastKnownFileType = sourcecode.swift; path = SystemVersion.swift; sourceTree = "<group>"; };
		E3CF2C671EA3D5E00098706F /* DeviceVersion+Ex.swift */ = {isa = PBXFileReference; fileEncoding = 4; lastKnownFileType = sourcecode.swift; path = "DeviceVersion+Ex.swift"; sourceTree = "<group>"; };
		E3DE48A11EA89263001A5E6A /* WallpaperListPresenterSpec.swift */ = {isa = PBXFileReference; fileEncoding = 4; lastKnownFileType = sourcecode.swift; path = WallpaperListPresenterSpec.swift; sourceTree = "<group>"; };
/* End PBXFileReference section */

/* Begin PBXFrameworksBuildPhase section */
		E3803A001E936CBF0024D76E /* Frameworks */ = {
			isa = PBXFrameworksBuildPhase;
			buildActionMask = 2147483647;
			files = (
				4D9DCAA1E2E2AE5F41D81A74 /* Pods_DeviceWallpaper.framework in Frameworks */,
				E350A81F1E9C9FBD00CECF5E /* APIKit.framework in Frameworks */,
				E350A8201E9C9FBD00CECF5E /* ObjectMapper.framework in Frameworks */,
				E350A8211E9C9FBD00CECF5E /* Result.framework in Frameworks */,
				E350A8251E9C9FBD00CECF5E /* SnapKit.framework in Frameworks */,
				E350A8261E9C9FBD00CECF5E /* SVProgressHUD.framework in Frameworks */,
				E3CF2C641EA3C4F00098706F /* Device.framework in Frameworks */,
				E350A8271E9C9FBD00CECF5E /* SwiftDate.framework in Frameworks */,
				E350A8281E9C9FBD00CECF5E /* SwiftyBeaver.framework in Frameworks */,
				E350A8291E9C9FBD00CECF5E /* SwiftyUserDefaults.framework in Frameworks */,
			);
			runOnlyForDeploymentPostprocessing = 0;
		};
		E38AF1CB1EA8416200A14EB0 /* Frameworks */ = {
			isa = PBXFrameworksBuildPhase;
			buildActionMask = 2147483647;
			files = (
				E38AF1DC1EA8455100A14EB0 /* APIKit.framework in Frameworks */,
				E38AF1DD1EA8455100A14EB0 /* Device.framework in Frameworks */,
				E38AF1DB1EA8420300A14EB0 /* Nimble.framework in Frameworks */,
				E38AF1DE1EA8455100A14EB0 /* ObjectMapper.framework in Frameworks */,
				E38AF1D91EA841EC00A14EB0 /* Quick.framework in Frameworks */,
				E38AF1DF1EA8455100A14EB0 /* Result.framework in Frameworks */,
				E38AF1E01EA8455100A14EB0 /* SnapKit.framework in Frameworks */,
				E38AF1E11EA8455100A14EB0 /* SVProgressHUD.framework in Frameworks */,
				E38AF1E21EA8455100A14EB0 /* SwiftDate.framework in Frameworks */,
				E38AF1E31EA8455100A14EB0 /* SwiftyBeaver.framework in Frameworks */,
				E38AF1E41EA8455100A14EB0 /* SwiftyUserDefaults.framework in Frameworks */,
			);
			runOnlyForDeploymentPostprocessing = 0;
		};
/* End PBXFrameworksBuildPhase section */

/* Begin PBXGroup section */
		A30695E29EC2613C1339A93F /* Frameworks */ = {
			isa = PBXGroup;
			children = (
				E38AF1DA1EA8420300A14EB0 /* Nimble.framework */,
				E38AF1D81EA841EC00A14EB0 /* Quick.framework */,
				E3CF2C631EA3C4F00098706F /* Device.framework */,
				E350A8141E9C9FBD00CECF5E /* APIKit.framework */,
				E350A8151E9C9FBD00CECF5E /* ObjectMapper.framework */,
				E350A8161E9C9FBD00CECF5E /* Result.framework */,
				E350A8171E9C9FBD00CECF5E /* RxCocoa.framework */,
				E350A8181E9C9FBD00CECF5E /* RxSwift.framework */,
				E350A8191E9C9FBD00CECF5E /* RxTest.framework */,
				E350A81A1E9C9FBD00CECF5E /* SnapKit.framework */,
				E350A81B1E9C9FBD00CECF5E /* SVProgressHUD.framework */,
				E350A81C1E9C9FBD00CECF5E /* SwiftDate.framework */,
				E350A81D1E9C9FBD00CECF5E /* SwiftyBeaver.framework */,
				E350A81E1E9C9FBD00CECF5E /* SwiftyUserDefaults.framework */,
				52FABC786E00D464ACCD6F16 /* Pods_DeviceWallpaper.framework */,
			);
			name = Frameworks;
			sourceTree = "<group>";
		};
		E32B1CFD1EA0753A00F9BEF8 /* View */ = {
			isa = PBXGroup;
			children = (
				E330469C1EA71D7300D6B995 /* NormalView.swift */,
				E3B9D0AB1EADE7E100312F28 /* DetailView.swift */,
				E32B1D001EA0755900F9BEF8 /* SimpleView.swift */,
				E32D05661E9F4705009C41D2 /* WallpaperViewController.swift */,
			);
			path = View;
			sourceTree = "<group>";
		};
		E32D055B1E9CCEC9009C41D2 /* Contract */ = {
			isa = PBXGroup;
			children = (
				E34FC5061EA8FFF700D9313F /* MockWallpaperList.swift */,
				E32D055C1E9CD017009C41D2 /* WallpaperListContract.swift */,
			);
			path = Contract;
			sourceTree = "<group>";
		};
		E330469A1EA71D2100D6B995 /* Common */ = {
			isa = PBXGroup;
			children = (
				E330469B1EA71D5C00D6B995 /* Views */,
			);
			path = Common;
			sourceTree = "<group>";
		};
		E330469B1EA71D5C00D6B995 /* Views */ = {
			isa = PBXGroup;
			children = (
				E351D3FC1EA0DAAA000600A7 /* GradientLabel.swift */,
			);
			path = Views;
			sourceTree = "<group>";
		};
		E338DC261EAA249900536908 /* Mocks */ = {
			isa = PBXGroup;
			children = (
				E338DC271EAA24AA00536908 /* MockNavigationController.swift */,
			);
			path = Mocks;
			sourceTree = "<group>";
		};
		E34FC50B1EAB3A5E00D9313F /* DeviceInfo */ = {
			isa = PBXGroup;
			children = (
				E34FC51E1EAB3E9300D9313F /* Contract */,
				E34FC5221EAB3EBF00D9313F /* DataManager */,
				E34FC5201EAB3EAB00D9313F /* Interactor */,
				E34FC52B1EAB400B00D9313F /* Presenter */,
				E34FC51F1EAB3E9D00D9313F /* Router */,
				E34FC5211EAB3EB500D9313F /* View */,
			);
			path = DeviceInfo;
			sourceTree = "<group>";
		};
		E34FC51E1EAB3E9300D9313F /* Contract */ = {
			isa = PBXGroup;
			children = (
				E34FC51A1EAB3E7700D9313F /* DeviceInfoContract.swift */,
			);
			path = Contract;
			sourceTree = "<group>";
		};
		E34FC51F1EAB3E9D00D9313F /* Router */ = {
			isa = PBXGroup;
			children = (
				E34FC5231EAB3FC100D9313F /* DeviceInfoRouter.swift */,
			);
			path = Router;
			sourceTree = "<group>";
		};
		E34FC5201EAB3EAB00D9313F /* Interactor */ = {
			isa = PBXGroup;
			children = (
				E34FC5251EAB3FCB00D9313F /* DeviceInfoInteractor.swift */,
			);
			path = Interactor;
			sourceTree = "<group>";
		};
		E34FC5211EAB3EB500D9313F /* View */ = {
			isa = PBXGroup;
			children = (
				E34FC5301EAB40DB00D9313F /* DeviceInfoViewController.storyboard */,
				E34FC5291EAB3FE800D9313F /* DeviceInfoViewController.swift */,
			);
			path = View;
			sourceTree = "<group>";
		};
		E34FC5221EAB3EBF00D9313F /* DataManager */ = {
			isa = PBXGroup;
			children = (
				E34FC52E1EAB402200D9313F /* DeviceInfoDataManager.swift */,
			);
			path = DataManager;
			sourceTree = "<group>";
		};
		E34FC52B1EAB400B00D9313F /* Presenter */ = {
			isa = PBXGroup;
			children = (
				E34FC52C1EAB401800D9313F /* DeviceInfoPresenter.swift */,
			);
			path = Presenter;
			sourceTree = "<group>";
		};
		E350A80E1E9C9C6200CECF5E /* Utils */ = {
			isa = PBXGroup;
			children = (
				E350A80F1E9C9C6E00CECF5E /* Log.swift */,
			);
			path = Utils;
			sourceTree = "<group>";
		};
		E363D9B233921FF76428FD7C /* Pods */ = {
			isa = PBXGroup;
			children = (
				CF75D06F704A4A0FDEF4E4EF /* Pods-DeviceWallpaper.debug.xcconfig */,
				5753D11FBB18425A9E087076 /* Pods-DeviceWallpaper.release.xcconfig */,
			);
			name = Pods;
			sourceTree = "<group>";
		};
		E379B4F91E9CB03A00D1CDEF /* Root */ = {
			isa = PBXGroup;
			children = (
				E38AF1E61EA84C5F00A14EB0 /* Contract */,
				E38AF1E71EA84C6600A14EB0 /* Router */,
			);
			path = Root;
			sourceTree = "<group>";
		};
		E38039FA1E936CBF0024D76E = {
			isa = PBXGroup;
			children = (
				E3803A051E936CBF0024D76E /* DeviceWallpaper */,
				E38AF1CF1EA8416300A14EB0 /* DeviceWallpaperTests */,
				A30695E29EC2613C1339A93F /* Frameworks */,
				E363D9B233921FF76428FD7C /* Pods */,
				E3803A041E936CBF0024D76E /* Products */,
			);
			sourceTree = "<group>";
		};
		E3803A041E936CBF0024D76E /* Products */ = {
			isa = PBXGroup;
			children = (
				E3803A031E936CBF0024D76E /* DeviceWallpaper.app */,
				E38AF1CE1EA8416200A14EB0 /* DeviceWallpaperTests.xctest */,
			);
			name = Products;
			sourceTree = "<group>";
		};
		E3803A051E936CBF0024D76E /* DeviceWallpaper */ = {
			isa = PBXGroup;
			children = (
				E330469A1EA71D2100D6B995 /* Common */,
				E393D7121E9C8AEE001CC93D /* Entities */,
				E393D70F1E9C8ACD001CC93D /* Enums */,
				E393D7101E9C8AD4001CC93D /* Extensions */,
				E393D7111E9C8AE1001CC93D /* Modules */,
				E393D7131E9C8AF6001CC93D /* Networks */,
				E393D70E1E9C8971001CC93D /* Resources */,
				E350A80E1E9C9C6200CECF5E /* Utils */,
				E3803A061E936CBF0024D76E /* AppDelegate.swift */,
			);
			path = DeviceWallpaper;
			sourceTree = "<group>";
		};
		E38AF1C11EA7C41200A14EB0 /* Router */ = {
			isa = PBXGroup;
			children = (
				E319E89A1E9CB3260082BFDF /* WallpaperListRouter.swift */,
				E34FC5021EA8FD9100D9313F /* WallpaperListRouterSpec.swift */,
			);
			path = Router;
			sourceTree = "<group>";
		};
		E38AF1C21EA7C41A00A14EB0 /* Interactor */ = {
			isa = PBXGroup;
			children = (
				E32D05571E9CBB9C009C41D2 /* WallpaperListInteractor.swift */,
				E3B8CE2D1EA8877E00FDB599 /* WallpaperListInteractorSpec.swift */,
			);
			path = Interactor;
			sourceTree = "<group>";
		};
		E38AF1C31EA7C43900A14EB0 /* Presenter */ = {
			isa = PBXGroup;
			children = (
				E32D05551E9CBB8B009C41D2 /* WallpaperListPresenter.swift */,
				E3DE48A11EA89263001A5E6A /* WallpaperListPresenterSpec.swift */,
			);
			path = Presenter;
			sourceTree = "<group>";
		};
		E38AF1C41EA7C44200A14EB0 /* View */ = {
			isa = PBXGroup;
			children = (
				E32D05591E9CBBD7009C41D2 /* WallpaperListViewController.swift */,
			);
			path = View;
			sourceTree = "<group>";
		};
		E38AF1C51EA7C44F00A14EB0 /* Presenter */ = {
			isa = PBXGroup;
			children = (
				E32D05641E9F46F7009C41D2 /* WallpaperPresenter.swift */,
			);
			path = Presenter;
			sourceTree = "<group>";
		};
		E38AF1C61EA7C45B00A14EB0 /* Router */ = {
			isa = PBXGroup;
			children = (
				E32D05681E9F48B4009C41D2 /* WallpaperRouter.swift */,
			);
			path = Router;
			sourceTree = "<group>";
		};
		E38AF1C71EA7C46400A14EB0 /* Interactor */ = {
			isa = PBXGroup;
			children = (
				E32B1CFB1EA065AF00F9BEF8 /* WallpaperInteractor.swift */,
			);
			path = Interactor;
			sourceTree = "<group>";
		};
		E38AF1C81EA7C47100A14EB0 /* DataManager */ = {
			isa = PBXGroup;
			children = (
				E39C8C6D1EA486C3008F5F8B /* WallpaperDataManager.swift */,
			);
			path = DataManager;
			sourceTree = "<group>";
		};
		E38AF1C91EA7C47A00A14EB0 /* Contract */ = {
			isa = PBXGroup;
			children = (
				E32D05621E9F469A009C41D2 /* WallpaperContract.swift */,
			);
			path = Contract;
			sourceTree = "<group>";
		};
		E38AF1CF1EA8416300A14EB0 /* DeviceWallpaperTests */ = {
			isa = PBXGroup;
			children = (
				E338DC261EAA249900536908 /* Mocks */,
				E38AF1D21EA8416300A14EB0 /* Info.plist */,
			);
			path = DeviceWallpaperTests;
			sourceTree = "<group>";
		};
		E38AF1E61EA84C5F00A14EB0 /* Contract */ = {
			isa = PBXGroup;
			children = (
				E32D055E1E9CD497009C41D2 /* RootContract.swift */,
			);
			path = Contract;
			sourceTree = "<group>";
		};
		E38AF1E71EA84C6600A14EB0 /* Router */ = {
			isa = PBXGroup;
			children = (
				E379B4FA1E9CB07400D1CDEF /* RootRouter.swift */,
			);
			path = Router;
			sourceTree = "<group>";
		};
		E393D70E1E9C8971001CC93D /* Resources */ = {
			isa = PBXGroup;
			children = (
				E3803A0D1E936CBF0024D76E /* Assets.xcassets */,
				E3803A121E936CBF0024D76E /* Info.plist */,
				E3803A0F1E936CBF0024D76E /* LaunchScreen.storyboard */,
				E38AF2491EA7714500A23DAD /* Settings.bundle */,
			);
			path = Resources;
			sourceTree = "<group>";
		};
		E393D70F1E9C8ACD001CC93D /* Enums */ = {
			isa = PBXGroup;
			children = (
				E32D05601E9CE499009C41D2 /* WallpapersType.swift */,
			);
			path = Enums;
			sourceTree = "<group>";
		};
		E393D7101E9C8AD4001CC93D /* Extensions */ = {
			isa = PBXGroup;
			children = (
				E350A8121E9C9F0300CECF5E /* DefaultsKeys+Ex.swift */,
				E34FC5471EAC823F00D9313F /* DeviceType+Ex.swift */,
				E3CF2C671EA3D5E00098706F /* DeviceVersion+Ex.swift */,
				E34FC5321EAB436300D9313F /* NSObjectProtocol+Ex.swift */,
				E34FC5341EAB43C600D9313F /* Storyboardable.swift */,
				E39C8C711EA61593008F5F8B /* UIView+Ex.swift */,
			);
			path = Extensions;
			sourceTree = "<group>";
		};
		E393D7111E9C8AE1001CC93D /* Modules */ = {
			isa = PBXGroup;
			children = (
				E34FC50B1EAB3A5E00D9313F /* DeviceInfo */,
				E379B4F91E9CB03A00D1CDEF /* Root */,
				E393D7151E9C8EC0001CC93D /* Wallpaper */,
				E393D7141E9C8D57001CC93D /* WallpaperList */,
			);
			path = Modules;
			sourceTree = "<group>";
		};
		E393D7121E9C8AEE001CC93D /* Entities */ = {
			isa = PBXGroup;
			children = (
				E324C5201EA0E7A200654BC5 /* Device.swift */,
				E3CF2C651EA3CF840098706F /* SystemVersion.swift */,
				E34FC5451EAC79B300D9313F /* TargetDevice.swift */,
			);
			path = Entities;
			sourceTree = "<group>";
		};
		E393D7131E9C8AF6001CC93D /* Networks */ = {
			isa = PBXGroup;
			children = (
				E34FC5411EAC767300D9313F /* AppleDeviceAPI.swift */,
				E34FC53F1EAC751000D9313F /* AppleDeviceRequest.swift */,
			);
			path = Networks;
			sourceTree = "<group>";
		};
		E393D7141E9C8D57001CC93D /* WallpaperList */ = {
			isa = PBXGroup;
			children = (
				E32D055B1E9CCEC9009C41D2 /* Contract */,
				E38AF1C21EA7C41A00A14EB0 /* Interactor */,
				E38AF1C31EA7C43900A14EB0 /* Presenter */,
				E38AF1C11EA7C41200A14EB0 /* Router */,
				E38AF1C41EA7C44200A14EB0 /* View */,
			);
			path = WallpaperList;
			sourceTree = "<group>";
		};
		E393D7151E9C8EC0001CC93D /* Wallpaper */ = {
			isa = PBXGroup;
			children = (
				E38AF1C91EA7C47A00A14EB0 /* Contract */,
				E38AF1C81EA7C47100A14EB0 /* DataManager */,
				E38AF1C71EA7C46400A14EB0 /* Interactor */,
				E38AF1C51EA7C44F00A14EB0 /* Presenter */,
				E38AF1C61EA7C45B00A14EB0 /* Router */,
				E32B1CFD1EA0753A00F9BEF8 /* View */,
			);
			path = Wallpaper;
			sourceTree = "<group>";
		};
/* End PBXGroup section */

/* Begin PBXNativeTarget section */
		E3803A021E936CBF0024D76E /* DeviceWallpaper */ = {
			isa = PBXNativeTarget;
			buildConfigurationList = E3803A151E936CBF0024D76E /* Build configuration list for PBXNativeTarget "DeviceWallpaper" */;
			buildPhases = (
				A82B1BE179809AF0A374B5F5 /* [CP] Check Pods Manifest.lock */,
				E350A8111E9C9D1900CECF5E /* Run Script - Carthage */,
				E38039FF1E936CBF0024D76E /* Sources */,
				E3803A001E936CBF0024D76E /* Frameworks */,
				E3803A011E936CBF0024D76E /* Resources */,
				520454CF3DBBF64F8748BDCB /* [CP] Embed Pods Frameworks */,
				836E7767C18EF329CDEC7DED /* [CP] Copy Pods Resources */,
				E379B4F81E9CAA8900D1CDEF /* Run Script - swiftlint */,
				E3E3910D1EA78A94005914C1 /* Run Script - Settings.bundle */,
			);
			buildRules = (
			);
			dependencies = (
			);
			name = DeviceWallpaper;
			productName = DeviceWallpaper;
			productReference = E3803A031E936CBF0024D76E /* DeviceWallpaper.app */;
			productType = "com.apple.product-type.application";
		};
		E38AF1CD1EA8416200A14EB0 /* DeviceWallpaperTests */ = {
			isa = PBXNativeTarget;
			buildConfigurationList = E38AF1D71EA8416300A14EB0 /* Build configuration list for PBXNativeTarget "DeviceWallpaperTests" */;
			buildPhases = (
				E38AF1CA1EA8416200A14EB0 /* Sources */,
				E38AF1CB1EA8416200A14EB0 /* Frameworks */,
				E38AF1CC1EA8416200A14EB0 /* Resources */,
				E38AF1E51EA8457A00A14EB0 /* Run Script - Carthage */,
			);
			buildRules = (
			);
			dependencies = (
				E38AF1D41EA8416300A14EB0 /* PBXTargetDependency */,
			);
			name = DeviceWallpaperTests;
			productName = DeviceWallpaperTests;
			productReference = E38AF1CE1EA8416200A14EB0 /* DeviceWallpaperTests.xctest */;
			productType = "com.apple.product-type.bundle.unit-test";
		};
/* End PBXNativeTarget section */

/* Begin PBXProject section */
		E38039FB1E936CBF0024D76E /* Project object */ = {
			isa = PBXProject;
			attributes = {
				LastSwiftUpdateCheck = 0830;
				LastUpgradeCheck = 0830;
				ORGANIZATIONNAME = star__hoshi;
				TargetAttributes = {
					E3803A021E936CBF0024D76E = {
						CreatedOnToolsVersion = 8.3;
						DevelopmentTeam = 5J5Q4ZGXZR;
						ProvisioningStyle = Manual;
					};
					E38AF1CD1EA8416200A14EB0 = {
						CreatedOnToolsVersion = 8.3.1;
						DevelopmentTeam = 2BEQ57LQ8R;
						ProvisioningStyle = Automatic;
						TestTargetID = E3803A021E936CBF0024D76E;
					};
				};
			};
			buildConfigurationList = E38039FE1E936CBF0024D76E /* Build configuration list for PBXProject "DeviceWallpaper" */;
			compatibilityVersion = "Xcode 3.2";
			developmentRegion = English;
			hasScannedForEncodings = 0;
			knownRegions = (
				en,
				Base,
			);
			mainGroup = E38039FA1E936CBF0024D76E;
			productRefGroup = E3803A041E936CBF0024D76E /* Products */;
			projectDirPath = "";
			projectRoot = "";
			targets = (
				E3803A021E936CBF0024D76E /* DeviceWallpaper */,
				E38AF1CD1EA8416200A14EB0 /* DeviceWallpaperTests */,
			);
		};
/* End PBXProject section */

/* Begin PBXResourcesBuildPhase section */
		E3803A011E936CBF0024D76E /* Resources */ = {
			isa = PBXResourcesBuildPhase;
			buildActionMask = 2147483647;
			files = (
				E34FC5311EAB40DB00D9313F /* DeviceInfoViewController.storyboard in Resources */,
				E3803A111E936CBF0024D76E /* LaunchScreen.storyboard in Resources */,
				E38AF24A1EA7714500A23DAD /* Settings.bundle in Resources */,
				E3803A0E1E936CBF0024D76E /* Assets.xcassets in Resources */,
			);
			runOnlyForDeploymentPostprocessing = 0;
		};
		E38AF1CC1EA8416200A14EB0 /* Resources */ = {
			isa = PBXResourcesBuildPhase;
			buildActionMask = 2147483647;
			files = (
			);
			runOnlyForDeploymentPostprocessing = 0;
		};
/* End PBXResourcesBuildPhase section */

/* Begin PBXShellScriptBuildPhase section */
		520454CF3DBBF64F8748BDCB /* [CP] Embed Pods Frameworks */ = {
			isa = PBXShellScriptBuildPhase;
			buildActionMask = 2147483647;
			files = (
			);
			inputPaths = (
			);
			name = "[CP] Embed Pods Frameworks";
			outputPaths = (
			);
			runOnlyForDeploymentPostprocessing = 0;
			shellPath = /bin/sh;
			shellScript = "\"${SRCROOT}/Pods/Target Support Files/Pods-DeviceWallpaper/Pods-DeviceWallpaper-frameworks.sh\"\n";
			showEnvVarsInLog = 0;
		};
		836E7767C18EF329CDEC7DED /* [CP] Copy Pods Resources */ = {
			isa = PBXShellScriptBuildPhase;
			buildActionMask = 2147483647;
			files = (
			);
			inputPaths = (
			);
			name = "[CP] Copy Pods Resources";
			outputPaths = (
			);
			runOnlyForDeploymentPostprocessing = 0;
			shellPath = /bin/sh;
			shellScript = "\"${SRCROOT}/Pods/Target Support Files/Pods-DeviceWallpaper/Pods-DeviceWallpaper-resources.sh\"\n";
			showEnvVarsInLog = 0;
		};
		A82B1BE179809AF0A374B5F5 /* [CP] Check Pods Manifest.lock */ = {
			isa = PBXShellScriptBuildPhase;
			buildActionMask = 2147483647;
			files = (
			);
			inputPaths = (
			);
			name = "[CP] Check Pods Manifest.lock";
			outputPaths = (
			);
			runOnlyForDeploymentPostprocessing = 0;
			shellPath = /bin/sh;
			shellScript = "diff \"${PODS_PODFILE_DIR_PATH}/Podfile.lock\" \"${PODS_ROOT}/Manifest.lock\" > /dev/null\nif [ $? != 0 ] ; then\n    # print error to STDERR\n    echo \"error: The sandbox is not in sync with the Podfile.lock. Run 'pod install' or update your CocoaPods installation.\" >&2\n    exit 1\nfi\n";
			showEnvVarsInLog = 0;
		};
		E350A8111E9C9D1900CECF5E /* Run Script - Carthage */ = {
			isa = PBXShellScriptBuildPhase;
			buildActionMask = 2147483647;
			files = (
			);
			inputPaths = (
				"$(SRCROOT)/Carthage/Build/iOS/APIKit.framework",
				"$(SRCROOT)/Carthage/Build/iOS/Result.framework",
				"$(SRCROOT)/Carthage/Build/iOS/SwiftyUserDefaults.framework",
				"$(SRCROOT)/Carthage/Build/iOS/SVProgressHUD.framework",
				"$(SRCROOT)/Carthage/Build/iOS/SwiftDate.framework",
				"$(SRCROOT)/Carthage/Build/iOS/ObjectMapper.framework",
				"$(SRCROOT)/Carthage/Build/iOS/SnapKit.framework",
				"$(SRCROOT)/Carthage/Build/iOS/SwiftyBeaver.framework",
				"$(SRCROOT)/Carthage/Build/iOS/Device.framework",
			);
			name = "Run Script - Carthage";
			outputPaths = (
			);
			runOnlyForDeploymentPostprocessing = 0;
			shellPath = /bin/sh;
			shellScript = "/usr/local/bin/carthage copy-frameworks\n";
		};
		E379B4F81E9CAA8900D1CDEF /* Run Script - swiftlint */ = {
			isa = PBXShellScriptBuildPhase;
			buildActionMask = 2147483647;
			files = (
			);
			inputPaths = (
			);
			name = "Run Script - swiftlint";
			outputPaths = (
			);
			runOnlyForDeploymentPostprocessing = 0;
			shellPath = /bin/sh;
			shellScript = "\"${PODS_ROOT}/SwiftLint/swiftlint\"";
		};
		E38AF1E51EA8457A00A14EB0 /* Run Script - Carthage */ = {
			isa = PBXShellScriptBuildPhase;
			buildActionMask = 2147483647;
			files = (
			);
			inputPaths = (
				"$(SRCROOT)/Carthage/Build/iOS/APIKit.framework",
				"$(SRCROOT)/Carthage/Build/iOS/Result.framework",
				"$(SRCROOT)/Carthage/Build/iOS/SwiftyUserDefaults.framework",
				"$(SRCROOT)/Carthage/Build/iOS/SVProgressHUD.framework",
				"$(SRCROOT)/Carthage/Build/iOS/SwiftDate.framework",
				"$(SRCROOT)/Carthage/Build/iOS/ObjectMapper.framework",
				"$(SRCROOT)/Carthage/Build/iOS/SnapKit.framework",
				"$(SRCROOT)/Carthage/Build/iOS/SwiftyBeaver.framework",
				"$(SRCROOT)/Carthage/Build/iOS/Device.framework",
				"$(SRCROOT)/Carthage/Build/iOS/Quick.framework",
				"$(SRCROOT)/Carthage/Build/iOS/Nimble.framework",
			);
			name = "Run Script - Carthage";
			outputPaths = (
			);
			runOnlyForDeploymentPostprocessing = 0;
			shellPath = /bin/sh;
			shellScript = "/usr/local/bin/carthage copy-frameworks";
		};
		E3E3910D1EA78A94005914C1 /* Run Script - Settings.bundle */ = {
			isa = PBXShellScriptBuildPhase;
			buildActionMask = 2147483647;
			files = (
			);
			inputPaths = (
			);
			name = "Run Script - Settings.bundle";
			outputPaths = (
			);
			runOnlyForDeploymentPostprocessing = 0;
			shellPath = /bin/sh;
			shellScript = "APP_VERSION=$(/usr/libexec/PlistBuddy -c \"Print CFBundleShortVersionString\" $PRODUCT_SETTINGS_PATH)\n/usr/libexec/PlistBuddy -c \"Set :PreferenceSpecifiers:0:DefaultValue ${APP_VERSION}\" \"${BUILT_PRODUCTS_DIR}/${WRAPPER_NAME}/Settings.bundle/Root.plist\"\n\nBUILD_NUMBER=$(/usr/libexec/PlistBuddy -c \"Print CFBundleVersion\" $PRODUCT_SETTINGS_PATH)\n/usr/libexec/PlistBuddy -c \"Set :PreferenceSpecifiers:1:DefaultValue ${BUILD_NUMBER}\" \"${BUILT_PRODUCTS_DIR}/${WRAPPER_NAME}/Settings.bundle/Root.plist\"";
		};
/* End PBXShellScriptBuildPhase section */

/* Begin PBXSourcesBuildPhase section */
		E38039FF1E936CBF0024D76E /* Sources */ = {
			isa = PBXSourcesBuildPhase;
			buildActionMask = 2147483647;
			files = (
				E330469D1EA71D7300D6B995 /* NormalView.swift in Sources */,
				E32D05691E9F48B4009C41D2 /* WallpaperRouter.swift in Sources */,
				E34FC5481EAC823F00D9313F /* DeviceType+Ex.swift in Sources */,
				E3CF2C681EA3D5E00098706F /* DeviceVersion+Ex.swift in Sources */,
				E39C8C6E1EA486C3008F5F8B /* WallpaperDataManager.swift in Sources */,
				E379B4FB1E9CB07400D1CDEF /* RootRouter.swift in Sources */,
				E32D055A1E9CBBD7009C41D2 /* WallpaperListViewController.swift in Sources */,
				E34FC5241EAB3FC100D9313F /* DeviceInfoRouter.swift in Sources */,
				E39C8C721EA61593008F5F8B /* UIView+Ex.swift in Sources */,
				E319E89B1E9CB3260082BFDF /* WallpaperListRouter.swift in Sources */,
				E32B1D011EA0755900F9BEF8 /* SimpleView.swift in Sources */,
				E3803A071E936CBF0024D76E /* AppDelegate.swift in Sources */,
				E34FC52F1EAB402200D9313F /* DeviceInfoDataManager.swift in Sources */,
				E34FC5351EAB43C600D9313F /* Storyboardable.swift in Sources */,
				E350A8101E9C9C6E00CECF5E /* Log.swift in Sources */,
				E32B1CFC1EA065AF00F9BEF8 /* WallpaperInteractor.swift in Sources */,
				E32D05561E9CBB8B009C41D2 /* WallpaperListPresenter.swift in Sources */,
				E34FC5261EAB3FCB00D9313F /* DeviceInfoInteractor.swift in Sources */,
				E32D05631E9F469A009C41D2 /* WallpaperContract.swift in Sources */,
				E34FC5401EAC751000D9313F /* AppleDeviceRequest.swift in Sources */,
				E351D3FD1EA0DAAA000600A7 /* GradientLabel.swift in Sources */,
				E32D05581E9CBB9C009C41D2 /* WallpaperListInteractor.swift in Sources */,
				E34FC51B1EAB3E7700D9313F /* DeviceInfoContract.swift in Sources */,
				E34FC5421EAC767300D9313F /* AppleDeviceAPI.swift in Sources */,
				E32D05651E9F46F7009C41D2 /* WallpaperPresenter.swift in Sources */,
				E3B9D0AC1EADE7E100312F28 /* DetailView.swift in Sources */,
				E3CF2C661EA3CF840098706F /* SystemVersion.swift in Sources */,
				E324C5211EA0E7A200654BC5 /* Device.swift in Sources */,
				E34FC52D1EAB401800D9313F /* DeviceInfoPresenter.swift in Sources */,
				E34FC5331EAB436300D9313F /* NSObjectProtocol+Ex.swift in Sources */,
				E350A8131E9C9F0300CECF5E /* DefaultsKeys+Ex.swift in Sources */,
				E32D05611E9CE499009C41D2 /* WallpapersType.swift in Sources */,
				E34FC52A1EAB3FE800D9313F /* DeviceInfoViewController.swift in Sources */,
				E32D055D1E9CD017009C41D2 /* WallpaperListContract.swift in Sources */,
				E32D05671E9F4705009C41D2 /* WallpaperViewController.swift in Sources */,
				E34FC5461EAC79B300D9313F /* TargetDevice.swift in Sources */,
				E32D055F1E9CD497009C41D2 /* RootContract.swift in Sources */,
			);
			runOnlyForDeploymentPostprocessing = 0;
		};
		E38AF1CA1EA8416200A14EB0 /* Sources */ = {
			isa = PBXSourcesBuildPhase;
			buildActionMask = 2147483647;
			files = (
				E34FC5071EA8FFF700D9313F /* MockWallpaperList.swift in Sources */,
				E338DC281EAA24AA00536908 /* MockNavigationController.swift in Sources */,
				E34FC5031EA8FD9100D9313F /* WallpaperListRouterSpec.swift in Sources */,
				E3DE48A21EA89263001A5E6A /* WallpaperListPresenterSpec.swift in Sources */,
				E3B8CE2E1EA8877E00FDB599 /* WallpaperListInteractorSpec.swift in Sources */,
			);
			runOnlyForDeploymentPostprocessing = 0;
		};
/* End PBXSourcesBuildPhase section */

/* Begin PBXTargetDependency section */
		E38AF1D41EA8416300A14EB0 /* PBXTargetDependency */ = {
			isa = PBXTargetDependency;
			target = E3803A021E936CBF0024D76E /* DeviceWallpaper */;
			targetProxy = E38AF1D31EA8416300A14EB0 /* PBXContainerItemProxy */;
		};
/* End PBXTargetDependency section */

/* Begin PBXVariantGroup section */
		E3803A0F1E936CBF0024D76E /* LaunchScreen.storyboard */ = {
			isa = PBXVariantGroup;
			children = (
				E3803A101E936CBF0024D76E /* Base */,
			);
			name = LaunchScreen.storyboard;
			path = .;
			sourceTree = "<group>";
		};
/* End PBXVariantGroup section */

/* Begin XCBuildConfiguration section */
		E3803A131E936CBF0024D76E /* Debug */ = {
			isa = XCBuildConfiguration;
			buildSettings = {
				ALWAYS_SEARCH_USER_PATHS = NO;
				CLANG_ANALYZER_NONNULL = YES;
				CLANG_ANALYZER_NUMBER_OBJECT_CONVERSION = YES_AGGRESSIVE;
				CLANG_CXX_LANGUAGE_STANDARD = "gnu++0x";
				CLANG_CXX_LIBRARY = "libc++";
				CLANG_ENABLE_MODULES = YES;
				CLANG_ENABLE_OBJC_ARC = YES;
				CLANG_WARN_BOOL_CONVERSION = YES;
				CLANG_WARN_CONSTANT_CONVERSION = YES;
				CLANG_WARN_DIRECT_OBJC_ISA_USAGE = YES_ERROR;
				CLANG_WARN_DOCUMENTATION_COMMENTS = YES;
				CLANG_WARN_EMPTY_BODY = YES;
				CLANG_WARN_ENUM_CONVERSION = YES;
				CLANG_WARN_INFINITE_RECURSION = YES;
				CLANG_WARN_INT_CONVERSION = YES;
				CLANG_WARN_OBJC_ROOT_CLASS = YES_ERROR;
				CLANG_WARN_SUSPICIOUS_MOVE = YES;
				CLANG_WARN_UNREACHABLE_CODE = YES;
				CLANG_WARN__DUPLICATE_METHOD_MATCH = YES;
				"CODE_SIGN_IDENTITY[sdk=iphoneos*]" = "iPhone Developer";
				COPY_PHASE_STRIP = NO;
				DEBUG_INFORMATION_FORMAT = dwarf;
				ENABLE_STRICT_OBJC_MSGSEND = YES;
				ENABLE_TESTABILITY = YES;
				GCC_C_LANGUAGE_STANDARD = gnu99;
				GCC_DYNAMIC_NO_PIC = NO;
				GCC_NO_COMMON_BLOCKS = YES;
				GCC_OPTIMIZATION_LEVEL = 0;
				GCC_PREPROCESSOR_DEFINITIONS = (
					"DEBUG=1",
					"$(inherited)",
				);
				GCC_WARN_64_TO_32_BIT_CONVERSION = YES;
				GCC_WARN_ABOUT_RETURN_TYPE = YES_ERROR;
				GCC_WARN_UNDECLARED_SELECTOR = YES;
				GCC_WARN_UNINITIALIZED_AUTOS = YES_AGGRESSIVE;
				GCC_WARN_UNUSED_FUNCTION = YES;
				GCC_WARN_UNUSED_VARIABLE = YES;
				IPHONEOS_DEPLOYMENT_TARGET = 8.0;
				MTL_ENABLE_DEBUG_INFO = YES;
				ONLY_ACTIVE_ARCH = YES;
				SDKROOT = iphoneos;
				SWIFT_ACTIVE_COMPILATION_CONDITIONS = DEBUG;
				SWIFT_OPTIMIZATION_LEVEL = "-Onone";
			};
			name = Debug;
		};
		E3803A141E936CBF0024D76E /* Release */ = {
			isa = XCBuildConfiguration;
			buildSettings = {
				ALWAYS_SEARCH_USER_PATHS = NO;
				CLANG_ANALYZER_NONNULL = YES;
				CLANG_ANALYZER_NUMBER_OBJECT_CONVERSION = YES_AGGRESSIVE;
				CLANG_CXX_LANGUAGE_STANDARD = "gnu++0x";
				CLANG_CXX_LIBRARY = "libc++";
				CLANG_ENABLE_MODULES = YES;
				CLANG_ENABLE_OBJC_ARC = YES;
				CLANG_WARN_BOOL_CONVERSION = YES;
				CLANG_WARN_CONSTANT_CONVERSION = YES;
				CLANG_WARN_DIRECT_OBJC_ISA_USAGE = YES_ERROR;
				CLANG_WARN_DOCUMENTATION_COMMENTS = YES;
				CLANG_WARN_EMPTY_BODY = YES;
				CLANG_WARN_ENUM_CONVERSION = YES;
				CLANG_WARN_INFINITE_RECURSION = YES;
				CLANG_WARN_INT_CONVERSION = YES;
				CLANG_WARN_OBJC_ROOT_CLASS = YES_ERROR;
				CLANG_WARN_SUSPICIOUS_MOVE = YES;
				CLANG_WARN_UNREACHABLE_CODE = YES;
				CLANG_WARN__DUPLICATE_METHOD_MATCH = YES;
				"CODE_SIGN_IDENTITY[sdk=iphoneos*]" = "iPhone Developer";
				COPY_PHASE_STRIP = NO;
				DEBUG_INFORMATION_FORMAT = "dwarf-with-dsym";
				ENABLE_NS_ASSERTIONS = NO;
				ENABLE_STRICT_OBJC_MSGSEND = YES;
				GCC_C_LANGUAGE_STANDARD = gnu99;
				GCC_NO_COMMON_BLOCKS = YES;
				GCC_WARN_64_TO_32_BIT_CONVERSION = YES;
				GCC_WARN_ABOUT_RETURN_TYPE = YES_ERROR;
				GCC_WARN_UNDECLARED_SELECTOR = YES;
				GCC_WARN_UNINITIALIZED_AUTOS = YES_AGGRESSIVE;
				GCC_WARN_UNUSED_FUNCTION = YES;
				GCC_WARN_UNUSED_VARIABLE = YES;
				IPHONEOS_DEPLOYMENT_TARGET = 8.0;
				MTL_ENABLE_DEBUG_INFO = NO;
				SDKROOT = iphoneos;
				SWIFT_OPTIMIZATION_LEVEL = "-Owholemodule";
				VALIDATE_PRODUCT = YES;
			};
			name = Release;
		};
		E3803A161E936CBF0024D76E /* Debug */ = {
			isa = XCBuildConfiguration;
			baseConfigurationReference = CF75D06F704A4A0FDEF4E4EF /* Pods-DeviceWallpaper.debug.xcconfig */;
			buildSettings = {
				ASSETCATALOG_COMPILER_APPICON_NAME = AppIcon;
				CURRENT_PROJECT_VERSION = 201704241544;
				DEVELOPMENT_TEAM = 5J5Q4ZGXZR;
				FRAMEWORK_SEARCH_PATHS = (
					"$(inherited)",
					"$(PROJECT_DIR)/Carthage/Build/iOS",
				);
				INFOPLIST_FILE = DeviceWallpaper/Resources/Info.plist;
				IPHONEOS_DEPLOYMENT_TARGET = 8.0;
				LD_RUNPATH_SEARCH_PATHS = "$(inherited) @executable_path/Frameworks";
				PRODUCT_BUNDLE_IDENTIFIER = com.DeviceWallpaper;
				PRODUCT_NAME = "$(TARGET_NAME)";
				PROVISIONING_PROFILE = "b2c3f656-10c4-499b-a7f8-8877881bf58c";
				PROVISIONING_PROFILE_SPECIFIER = "match Development com.DeviceWallpaper";
				SWIFT_VERSION = 3.0;
				TARGETED_DEVICE_FAMILY = "1,2";
				VERSIONING_SYSTEM = "apple-generic";
			};
			name = Debug;
		};
		E3803A171E936CBF0024D76E /* Release */ = {
			isa = XCBuildConfiguration;
			baseConfigurationReference = 5753D11FBB18425A9E087076 /* Pods-DeviceWallpaper.release.xcconfig */;
			buildSettings = {
				ASSETCATALOG_COMPILER_APPICON_NAME = AppIcon;
				"CODE_SIGN_IDENTITY[sdk=iphoneos*]" = "iPhone Distribution";
				CURRENT_PROJECT_VERSION = 201704241544;
				DEVELOPMENT_TEAM = 5J5Q4ZGXZR;
				FRAMEWORK_SEARCH_PATHS = (
					"$(inherited)",
					"$(PROJECT_DIR)/Carthage/Build/iOS",
				);
				INFOPLIST_FILE = DeviceWallpaper/Resources/Info.plist;
				IPHONEOS_DEPLOYMENT_TARGET = 8.0;
				LD_RUNPATH_SEARCH_PATHS = "$(inherited) @executable_path/Frameworks";
				PRODUCT_BUNDLE_IDENTIFIER = com.DeviceWallpaper;
				PRODUCT_NAME = "$(TARGET_NAME)";
				PROVISIONING_PROFILE = "80a0f908-4b64-4fa4-916b-9e05775416e8";
				PROVISIONING_PROFILE_SPECIFIER = "match AppStore com.DeviceWallpaper";
				SWIFT_VERSION = 3.0;
				TARGETED_DEVICE_FAMILY = "1,2";
				VERSIONING_SYSTEM = "apple-generic";
			};
			name = Release;
		};
		E38AF1D51EA8416300A14EB0 /* Debug */ = {
			isa = XCBuildConfiguration;
			buildSettings = {
				BUNDLE_LOADER = "$(TEST_HOST)";
				DEVELOPMENT_TEAM = 2BEQ57LQ8R;
				FRAMEWORK_SEARCH_PATHS = (
					"$(inherited)",
					"$(PROJECT_DIR)/Carthage/Build/iOS",
				);
				INFOPLIST_FILE = DeviceWallpaperTests/Info.plist;
				IPHONEOS_DEPLOYMENT_TARGET = 10.3;
				LD_RUNPATH_SEARCH_PATHS = "$(inherited) @executable_path/Frameworks @loader_path/Frameworks";
				PRODUCT_BUNDLE_IDENTIFIER = com.starhoshi.DeviceWallpaperTests;
				PRODUCT_NAME = "$(TARGET_NAME)";
				SWIFT_VERSION = 3.0;
				TEST_HOST = "$(BUILT_PRODUCTS_DIR)/DeviceWallpaper.app/DeviceWallpaper";
			};
			name = Debug;
		};
		E38AF1D61EA8416300A14EB0 /* Release */ = {
			isa = XCBuildConfiguration;
			buildSettings = {
				BUNDLE_LOADER = "$(TEST_HOST)";
				DEVELOPMENT_TEAM = 2BEQ57LQ8R;
				FRAMEWORK_SEARCH_PATHS = (
					"$(inherited)",
					"$(PROJECT_DIR)/Carthage/Build/iOS",
				);
				INFOPLIST_FILE = DeviceWallpaperTests/Info.plist;
				IPHONEOS_DEPLOYMENT_TARGET = 10.3;
				LD_RUNPATH_SEARCH_PATHS = "$(inherited) @executable_path/Frameworks @loader_path/Frameworks";
				PRODUCT_BUNDLE_IDENTIFIER = com.starhoshi.DeviceWallpaperTests;
				PRODUCT_NAME = "$(TARGET_NAME)";
				SWIFT_VERSION = 3.0;
				TEST_HOST = "$(BUILT_PRODUCTS_DIR)/DeviceWallpaper.app/DeviceWallpaper";
			};
			name = Release;
		};
/* End XCBuildConfiguration section */

/* Begin XCConfigurationList section */
		E38039FE1E936CBF0024D76E /* Build configuration list for PBXProject "DeviceWallpaper" */ = {
			isa = XCConfigurationList;
			buildConfigurations = (
				E3803A131E936CBF0024D76E /* Debug */,
				E3803A141E936CBF0024D76E /* Release */,
			);
			defaultConfigurationIsVisible = 0;
			defaultConfigurationName = Release;
		};
		E3803A151E936CBF0024D76E /* Build configuration list for PBXNativeTarget "DeviceWallpaper" */ = {
			isa = XCConfigurationList;
			buildConfigurations = (
				E3803A161E936CBF0024D76E /* Debug */,
				E3803A171E936CBF0024D76E /* Release */,
			);
			defaultConfigurationIsVisible = 0;
			defaultConfigurationName = Release;
		};
		E38AF1D71EA8416300A14EB0 /* Build configuration list for PBXNativeTarget "DeviceWallpaperTests" */ = {
			isa = XCConfigurationList;
			buildConfigurations = (
				E38AF1D51EA8416300A14EB0 /* Debug */,
				E38AF1D61EA8416300A14EB0 /* Release */,
			);
			defaultConfigurationIsVisible = 0;
			defaultConfigurationName = Release;
		};
/* End XCConfigurationList section */
	};
	rootObject = E38039FB1E936CBF0024D76E /* Project object */;
}
