// !$*UTF8*$!
{
	archiveVersion = 1;
	classes = {
	};
	objectVersion = 46;
	objects = {

/* Begin PBXBuildFile section */
		4D9DCAA1E2E2AE5F41D81A74 /* Pods_DeviceWallpaper.framework in Frameworks */ = {isa = PBXBuildFile; fileRef = 52FABC786E00D464ACCD6F16 /* Pods_DeviceWallpaper.framework */; };
		E319E89B1E9CB3260082BFDF /* WallpaperListRouter.swift in Sources */ = {isa = PBXBuildFile; fileRef = E319E89A1E9CB3260082BFDF /* WallpaperListRouter.swift */; };
		E32B1CFC1EA065AF00F9BEF8 /* NormalWallpaperInteractor.swift in Sources */ = {isa = PBXBuildFile; fileRef = E32B1CFB1EA065AF00F9BEF8 /* NormalWallpaperInteractor.swift */; };
		E32D05561E9CBB8B009C41D2 /* WallpaperListPresenter.swift in Sources */ = {isa = PBXBuildFile; fileRef = E32D05551E9CBB8B009C41D2 /* WallpaperListPresenter.swift */; };
		E32D05581E9CBB9C009C41D2 /* WallpaperListInteractor.swift in Sources */ = {isa = PBXBuildFile; fileRef = E32D05571E9CBB9C009C41D2 /* WallpaperListInteractor.swift */; };
		E32D055A1E9CBBD7009C41D2 /* WallpaperListViewController.swift in Sources */ = {isa = PBXBuildFile; fileRef = E32D05591E9CBBD7009C41D2 /* WallpaperListViewController.swift */; };
		E32D055D1E9CD017009C41D2 /* WallpaperListContract.swift in Sources */ = {isa = PBXBuildFile; fileRef = E32D055C1E9CD017009C41D2 /* WallpaperListContract.swift */; };
		E32D055F1E9CD497009C41D2 /* RootContract.swift in Sources */ = {isa = PBXBuildFile; fileRef = E32D055E1E9CD497009C41D2 /* RootContract.swift */; };
		E32D05611E9CE499009C41D2 /* WallpapersType.swift in Sources */ = {isa = PBXBuildFile; fileRef = E32D05601E9CE499009C41D2 /* WallpapersType.swift */; };
		E32D05631E9F469A009C41D2 /* NormalWallpaperContract.swift in Sources */ = {isa = PBXBuildFile; fileRef = E32D05621E9F469A009C41D2 /* NormalWallpaperContract.swift */; };
		E32D05651E9F46F7009C41D2 /* NormalWallpaperPresenter.swift in Sources */ = {isa = PBXBuildFile; fileRef = E32D05641E9F46F7009C41D2 /* NormalWallpaperPresenter.swift */; };
		E32D05671E9F4705009C41D2 /* NormalWallpaperViewController.swift in Sources */ = {isa = PBXBuildFile; fileRef = E32D05661E9F4705009C41D2 /* NormalWallpaperViewController.swift */; };
		E32D05691E9F48B4009C41D2 /* NormalWallpaperRouter.swift in Sources */ = {isa = PBXBuildFile; fileRef = E32D05681E9F48B4009C41D2 /* NormalWallpaperRouter.swift */; };
		E350A8101E9C9C6E00CECF5E /* Log.swift in Sources */ = {isa = PBXBuildFile; fileRef = E350A80F1E9C9C6E00CECF5E /* Log.swift */; };
		E350A8131E9C9F0300CECF5E /* DefaultsKeys+Extension.swift in Sources */ = {isa = PBXBuildFile; fileRef = E350A8121E9C9F0300CECF5E /* DefaultsKeys+Extension.swift */; };
		E350A81F1E9C9FBD00CECF5E /* APIKit.framework in Frameworks */ = {isa = PBXBuildFile; fileRef = E350A8141E9C9FBD00CECF5E /* APIKit.framework */; };
		E350A8201E9C9FBD00CECF5E /* ObjectMapper.framework in Frameworks */ = {isa = PBXBuildFile; fileRef = E350A8151E9C9FBD00CECF5E /* ObjectMapper.framework */; };
		E350A8211E9C9FBD00CECF5E /* Result.framework in Frameworks */ = {isa = PBXBuildFile; fileRef = E350A8161E9C9FBD00CECF5E /* Result.framework */; };
		E350A8221E9C9FBD00CECF5E /* RxCocoa.framework in Frameworks */ = {isa = PBXBuildFile; fileRef = E350A8171E9C9FBD00CECF5E /* RxCocoa.framework */; };
		E350A8231E9C9FBD00CECF5E /* RxSwift.framework in Frameworks */ = {isa = PBXBuildFile; fileRef = E350A8181E9C9FBD00CECF5E /* RxSwift.framework */; };
		E350A8251E9C9FBD00CECF5E /* SnapKit.framework in Frameworks */ = {isa = PBXBuildFile; fileRef = E350A81A1E9C9FBD00CECF5E /* SnapKit.framework */; };
		E350A8261E9C9FBD00CECF5E /* SVProgressHUD.framework in Frameworks */ = {isa = PBXBuildFile; fileRef = E350A81B1E9C9FBD00CECF5E /* SVProgressHUD.framework */; };
		E350A8271E9C9FBD00CECF5E /* SwiftDate.framework in Frameworks */ = {isa = PBXBuildFile; fileRef = E350A81C1E9C9FBD00CECF5E /* SwiftDate.framework */; };
		E350A8281E9C9FBD00CECF5E /* SwiftyBeaver.framework in Frameworks */ = {isa = PBXBuildFile; fileRef = E350A81D1E9C9FBD00CECF5E /* SwiftyBeaver.framework */; };
		E350A8291E9C9FBD00CECF5E /* SwiftyUserDefaults.framework in Frameworks */ = {isa = PBXBuildFile; fileRef = E350A81E1E9C9FBD00CECF5E /* SwiftyUserDefaults.framework */; };
		E379B4FB1E9CB07400D1CDEF /* RootRouter.swift in Sources */ = {isa = PBXBuildFile; fileRef = E379B4FA1E9CB07400D1CDEF /* RootRouter.swift */; };
		E3803A071E936CBF0024D76E /* AppDelegate.swift in Sources */ = {isa = PBXBuildFile; fileRef = E3803A061E936CBF0024D76E /* AppDelegate.swift */; };
		E3803A0E1E936CBF0024D76E /* Assets.xcassets in Resources */ = {isa = PBXBuildFile; fileRef = E3803A0D1E936CBF0024D76E /* Assets.xcassets */; };
		E3803A111E936CBF0024D76E /* LaunchScreen.storyboard in Resources */ = {isa = PBXBuildFile; fileRef = E3803A0F1E936CBF0024D76E /* LaunchScreen.storyboard */; };
/* End PBXBuildFile section */

/* Begin PBXFileReference section */
		52FABC786E00D464ACCD6F16 /* Pods_DeviceWallpaper.framework */ = {isa = PBXFileReference; explicitFileType = wrapper.framework; includeInIndex = 0; path = Pods_DeviceWallpaper.framework; sourceTree = BUILT_PRODUCTS_DIR; };
		5753D11FBB18425A9E087076 /* Pods-DeviceWallpaper.release.xcconfig */ = {isa = PBXFileReference; includeInIndex = 1; lastKnownFileType = text.xcconfig; name = "Pods-DeviceWallpaper.release.xcconfig"; path = "Pods/Target Support Files/Pods-DeviceWallpaper/Pods-DeviceWallpaper.release.xcconfig"; sourceTree = "<group>"; };
		CF75D06F704A4A0FDEF4E4EF /* Pods-DeviceWallpaper.debug.xcconfig */ = {isa = PBXFileReference; includeInIndex = 1; lastKnownFileType = text.xcconfig; name = "Pods-DeviceWallpaper.debug.xcconfig"; path = "Pods/Target Support Files/Pods-DeviceWallpaper/Pods-DeviceWallpaper.debug.xcconfig"; sourceTree = "<group>"; };
		E319E89A1E9CB3260082BFDF /* WallpaperListRouter.swift */ = {isa = PBXFileReference; fileEncoding = 4; lastKnownFileType = sourcecode.swift; path = WallpaperListRouter.swift; sourceTree = "<group>"; };
		E32B1CFB1EA065AF00F9BEF8 /* NormalWallpaperInteractor.swift */ = {isa = PBXFileReference; fileEncoding = 4; lastKnownFileType = sourcecode.swift; path = NormalWallpaperInteractor.swift; sourceTree = "<group>"; };
		E32D05551E9CBB8B009C41D2 /* WallpaperListPresenter.swift */ = {isa = PBXFileReference; fileEncoding = 4; lastKnownFileType = sourcecode.swift; path = WallpaperListPresenter.swift; sourceTree = "<group>"; };
		E32D05571E9CBB9C009C41D2 /* WallpaperListInteractor.swift */ = {isa = PBXFileReference; fileEncoding = 4; lastKnownFileType = sourcecode.swift; path = WallpaperListInteractor.swift; sourceTree = "<group>"; };
		E32D05591E9CBBD7009C41D2 /* WallpaperListViewController.swift */ = {isa = PBXFileReference; fileEncoding = 4; lastKnownFileType = sourcecode.swift; path = WallpaperListViewController.swift; sourceTree = "<group>"; };
		E32D055C1E9CD017009C41D2 /* WallpaperListContract.swift */ = {isa = PBXFileReference; fileEncoding = 4; lastKnownFileType = sourcecode.swift; path = WallpaperListContract.swift; sourceTree = "<group>"; };
		E32D055E1E9CD497009C41D2 /* RootContract.swift */ = {isa = PBXFileReference; fileEncoding = 4; lastKnownFileType = sourcecode.swift; path = RootContract.swift; sourceTree = "<group>"; };
		E32D05601E9CE499009C41D2 /* WallpapersType.swift */ = {isa = PBXFileReference; fileEncoding = 4; lastKnownFileType = sourcecode.swift; path = WallpapersType.swift; sourceTree = "<group>"; };
		E32D05621E9F469A009C41D2 /* NormalWallpaperContract.swift */ = {isa = PBXFileReference; fileEncoding = 4; lastKnownFileType = sourcecode.swift; path = NormalWallpaperContract.swift; sourceTree = "<group>"; };
		E32D05641E9F46F7009C41D2 /* NormalWallpaperPresenter.swift */ = {isa = PBXFileReference; fileEncoding = 4; lastKnownFileType = sourcecode.swift; path = NormalWallpaperPresenter.swift; sourceTree = "<group>"; };
		E32D05661E9F4705009C41D2 /* NormalWallpaperViewController.swift */ = {isa = PBXFileReference; fileEncoding = 4; lastKnownFileType = sourcecode.swift; path = NormalWallpaperViewController.swift; sourceTree = "<group>"; };
		E32D05681E9F48B4009C41D2 /* NormalWallpaperRouter.swift */ = {isa = PBXFileReference; fileEncoding = 4; lastKnownFileType = sourcecode.swift; path = NormalWallpaperRouter.swift; sourceTree = "<group>"; };
		E350A80F1E9C9C6E00CECF5E /* Log.swift */ = {isa = PBXFileReference; fileEncoding = 4; lastKnownFileType = sourcecode.swift; path = Log.swift; sourceTree = "<group>"; };
		E350A8121E9C9F0300CECF5E /* DefaultsKeys+Extension.swift */ = {isa = PBXFileReference; fileEncoding = 4; lastKnownFileType = sourcecode.swift; path = "DefaultsKeys+Extension.swift"; sourceTree = "<group>"; };
		E350A8141E9C9FBD00CECF5E /* APIKit.framework */ = {isa = PBXFileReference; lastKnownFileType = wrapper.framework; name = APIKit.framework; path = Carthage/Build/iOS/APIKit.framework; sourceTree = "<group>"; };
		E350A8151E9C9FBD00CECF5E /* ObjectMapper.framework */ = {isa = PBXFileReference; lastKnownFileType = wrapper.framework; name = ObjectMapper.framework; path = Carthage/Build/iOS/ObjectMapper.framework; sourceTree = "<group>"; };
		E350A8161E9C9FBD00CECF5E /* Result.framework */ = {isa = PBXFileReference; lastKnownFileType = wrapper.framework; name = Result.framework; path = Carthage/Build/iOS/Result.framework; sourceTree = "<group>"; };
		E350A8171E9C9FBD00CECF5E /* RxCocoa.framework */ = {isa = PBXFileReference; lastKnownFileType = wrapper.framework; name = RxCocoa.framework; path = Carthage/Build/iOS/RxCocoa.framework; sourceTree = "<group>"; };
		E350A8181E9C9FBD00CECF5E /* RxSwift.framework */ = {isa = PBXFileReference; lastKnownFileType = wrapper.framework; name = RxSwift.framework; path = Carthage/Build/iOS/RxSwift.framework; sourceTree = "<group>"; };
		E350A8191E9C9FBD00CECF5E /* RxTest.framework */ = {isa = PBXFileReference; lastKnownFileType = wrapper.framework; name = RxTest.framework; path = Carthage/Build/iOS/RxTest.framework; sourceTree = "<group>"; };
		E350A81A1E9C9FBD00CECF5E /* SnapKit.framework */ = {isa = PBXFileReference; lastKnownFileType = wrapper.framework; name = SnapKit.framework; path = Carthage/Build/iOS/SnapKit.framework; sourceTree = "<group>"; };
		E350A81B1E9C9FBD00CECF5E /* SVProgressHUD.framework */ = {isa = PBXFileReference; lastKnownFileType = wrapper.framework; name = SVProgressHUD.framework; path = Carthage/Build/iOS/SVProgressHUD.framework; sourceTree = "<group>"; };
		E350A81C1E9C9FBD00CECF5E /* SwiftDate.framework */ = {isa = PBXFileReference; lastKnownFileType = wrapper.framework; name = SwiftDate.framework; path = Carthage/Build/iOS/SwiftDate.framework; sourceTree = "<group>"; };
		E350A81D1E9C9FBD00CECF5E /* SwiftyBeaver.framework */ = {isa = PBXFileReference; lastKnownFileType = wrapper.framework; name = SwiftyBeaver.framework; path = Carthage/Build/iOS/SwiftyBeaver.framework; sourceTree = "<group>"; };
		E350A81E1E9C9FBD00CECF5E /* SwiftyUserDefaults.framework */ = {isa = PBXFileReference; lastKnownFileType = wrapper.framework; name = SwiftyUserDefaults.framework; path = Carthage/Build/iOS/SwiftyUserDefaults.framework; sourceTree = "<group>"; };
		E379B4FA1E9CB07400D1CDEF /* RootRouter.swift */ = {isa = PBXFileReference; fileEncoding = 4; lastKnownFileType = sourcecode.swift; path = RootRouter.swift; sourceTree = "<group>"; };
		E3803A031E936CBF0024D76E /* DeviceWallpaper.app */ = {isa = PBXFileReference; explicitFileType = wrapper.application; includeInIndex = 0; path = DeviceWallpaper.app; sourceTree = BUILT_PRODUCTS_DIR; };
		E3803A061E936CBF0024D76E /* AppDelegate.swift */ = {isa = PBXFileReference; lastKnownFileType = sourcecode.swift; path = AppDelegate.swift; sourceTree = "<group>"; };
		E3803A0D1E936CBF0024D76E /* Assets.xcassets */ = {isa = PBXFileReference; lastKnownFileType = folder.assetcatalog; path = Assets.xcassets; sourceTree = "<group>"; };
		E3803A101E936CBF0024D76E /* Base */ = {isa = PBXFileReference; lastKnownFileType = file.storyboard; name = Base; path = Base.lproj/LaunchScreen.storyboard; sourceTree = "<group>"; };
		E3803A121E936CBF0024D76E /* Info.plist */ = {isa = PBXFileReference; lastKnownFileType = text.plist.xml; path = Info.plist; sourceTree = "<group>"; };
/* End PBXFileReference section */

/* Begin PBXFrameworksBuildPhase section */
		E3803A001E936CBF0024D76E /* Frameworks */ = {
			isa = PBXFrameworksBuildPhase;
			buildActionMask = 2147483647;
			files = (
				4D9DCAA1E2E2AE5F41D81A74 /* Pods_DeviceWallpaper.framework in Frameworks */,
				E350A81F1E9C9FBD00CECF5E /* APIKit.framework in Frameworks */,
				E350A8201E9C9FBD00CECF5E /* ObjectMapper.framework in Frameworks */,
				E350A8211E9C9FBD00CECF5E /* Result.framework in Frameworks */,
				E350A8221E9C9FBD00CECF5E /* RxCocoa.framework in Frameworks */,
				E350A8231E9C9FBD00CECF5E /* RxSwift.framework in Frameworks */,
				E350A8251E9C9FBD00CECF5E /* SnapKit.framework in Frameworks */,
				E350A8261E9C9FBD00CECF5E /* SVProgressHUD.framework in Frameworks */,
				E350A8271E9C9FBD00CECF5E /* SwiftDate.framework in Frameworks */,
				E350A8281E9C9FBD00CECF5E /* SwiftyBeaver.framework in Frameworks */,
				E350A8291E9C9FBD00CECF5E /* SwiftyUserDefaults.framework in Frameworks */,
			);
			runOnlyForDeploymentPostprocessing = 0;
		};
/* End PBXFrameworksBuildPhase section */

/* Begin PBXGroup section */
		A30695E29EC2613C1339A93F /* Frameworks */ = {
			isa = PBXGroup;
			children = (
				E350A8141E9C9FBD00CECF5E /* APIKit.framework */,
				E350A8151E9C9FBD00CECF5E /* ObjectMapper.framework */,
				E350A8161E9C9FBD00CECF5E /* Result.framework */,
				E350A8171E9C9FBD00CECF5E /* RxCocoa.framework */,
				E350A8181E9C9FBD00CECF5E /* RxSwift.framework */,
				E350A8191E9C9FBD00CECF5E /* RxTest.framework */,
				E350A81A1E9C9FBD00CECF5E /* SnapKit.framework */,
				E350A81B1E9C9FBD00CECF5E /* SVProgressHUD.framework */,
				E350A81C1E9C9FBD00CECF5E /* SwiftDate.framework */,
				E350A81D1E9C9FBD00CECF5E /* SwiftyBeaver.framework */,
				E350A81E1E9C9FBD00CECF5E /* SwiftyUserDefaults.framework */,
				52FABC786E00D464ACCD6F16 /* Pods_DeviceWallpaper.framework */,
			);
			name = Frameworks;
			sourceTree = "<group>";
		};
		E32D055B1E9CCEC9009C41D2 /* WallpaperListContract */ = {
			isa = PBXGroup;
			children = (
				E32D055C1E9CD017009C41D2 /* WallpaperListContract.swift */,
			);
			path = WallpaperListContract;
			sourceTree = "<group>";
		};
		E350A80E1E9C9C6200CECF5E /* Utils */ = {
			isa = PBXGroup;
			children = (
				E350A80F1E9C9C6E00CECF5E /* Log.swift */,
			);
			path = Utils;
			sourceTree = "<group>";
		};
		E363D9B233921FF76428FD7C /* Pods */ = {
			isa = PBXGroup;
			children = (
				CF75D06F704A4A0FDEF4E4EF /* Pods-DeviceWallpaper.debug.xcconfig */,
				5753D11FBB18425A9E087076 /* Pods-DeviceWallpaper.release.xcconfig */,
			);
			name = Pods;
			sourceTree = "<group>";
		};
		E379B4F91E9CB03A00D1CDEF /* Root */ = {
			isa = PBXGroup;
			children = (
				E32D055E1E9CD497009C41D2 /* RootContract.swift */,
				E379B4FA1E9CB07400D1CDEF /* RootRouter.swift */,
			);
			path = Root;
			sourceTree = "<group>";
		};
		E38039FA1E936CBF0024D76E = {
			isa = PBXGroup;
			children = (
				E3803A051E936CBF0024D76E /* DeviceWallpaper */,
				A30695E29EC2613C1339A93F /* Frameworks */,
				E363D9B233921FF76428FD7C /* Pods */,
				E3803A041E936CBF0024D76E /* Products */,
			);
			sourceTree = "<group>";
		};
		E3803A041E936CBF0024D76E /* Products */ = {
			isa = PBXGroup;
			children = (
				E3803A031E936CBF0024D76E /* DeviceWallpaper.app */,
			);
			name = Products;
			sourceTree = "<group>";
		};
		E3803A051E936CBF0024D76E /* DeviceWallpaper */ = {
			isa = PBXGroup;
			children = (
				E393D7121E9C8AEE001CC93D /* Entities */,
				E393D70F1E9C8ACD001CC93D /* Enums */,
				E393D7101E9C8AD4001CC93D /* Extensions */,
				E393D7111E9C8AE1001CC93D /* Modules */,
				E393D7131E9C8AF6001CC93D /* Networks */,
				E393D70E1E9C8971001CC93D /* Rosources */,
				E350A80E1E9C9C6200CECF5E /* Utils */,
				E3803A061E936CBF0024D76E /* AppDelegate.swift */,
			);
			path = DeviceWallpaper;
			sourceTree = "<group>";
		};
		E393D70E1E9C8971001CC93D /* Rosources */ = {
			isa = PBXGroup;
			children = (
				E3803A0D1E936CBF0024D76E /* Assets.xcassets */,
				E3803A121E936CBF0024D76E /* Info.plist */,
				E3803A0F1E936CBF0024D76E /* LaunchScreen.storyboard */,
			);
			path = Rosources;
			sourceTree = "<group>";
		};
		E393D70F1E9C8ACD001CC93D /* Enums */ = {
			isa = PBXGroup;
			children = (
				E32D05601E9CE499009C41D2 /* WallpapersType.swift */,
			);
			path = Enums;
			sourceTree = "<group>";
		};
		E393D7101E9C8AD4001CC93D /* Extensions */ = {
			isa = PBXGroup;
			children = (
				E350A8121E9C9F0300CECF5E /* DefaultsKeys+Extension.swift */,
			);
			path = Extensions;
			sourceTree = "<group>";
		};
		E393D7111E9C8AE1001CC93D /* Modules */ = {
			isa = PBXGroup;
			children = (
				E393D7161E9C8ECC001CC93D /* DetailWallpaper */,
				E393D7151E9C8EC0001CC93D /* NormalWallpaper */,
				E379B4F91E9CB03A00D1CDEF /* Root */,
				E393D7171E9C8ED4001CC93D /* SimpleWallpaper */,
				E393D7141E9C8D57001CC93D /* WallpaperList */,
			);
			path = Modules;
			sourceTree = "<group>";
		};
		E393D7121E9C8AEE001CC93D /* Entities */ = {
			isa = PBXGroup;
			children = (
			);
			path = Entities;
			sourceTree = "<group>";
		};
		E393D7131E9C8AF6001CC93D /* Networks */ = {
			isa = PBXGroup;
			children = (
			);
			path = Networks;
			sourceTree = "<group>";
		};
		E393D7141E9C8D57001CC93D /* WallpaperList */ = {
			isa = PBXGroup;
			children = (
				E32D055B1E9CCEC9009C41D2 /* WallpaperListContract */,
				E32D05571E9CBB9C009C41D2 /* WallpaperListInteractor.swift */,
				E32D05551E9CBB8B009C41D2 /* WallpaperListPresenter.swift */,
				E319E89A1E9CB3260082BFDF /* WallpaperListRouter.swift */,
				E32D05591E9CBBD7009C41D2 /* WallpaperListViewController.swift */,
			);
			path = WallpaperList;
			sourceTree = "<group>";
		};
		E393D7151E9C8EC0001CC93D /* NormalWallpaper */ = {
			isa = PBXGroup;
			children = (
				E32D05621E9F469A009C41D2 /* NormalWallpaperContract.swift */,
				E32B1CFB1EA065AF00F9BEF8 /* NormalWallpaperInteractor.swift */,
				E32D05641E9F46F7009C41D2 /* NormalWallpaperPresenter.swift */,
				E32D05681E9F48B4009C41D2 /* NormalWallpaperRouter.swift */,
				E32D05661E9F4705009C41D2 /* NormalWallpaperViewController.swift */,
			);
			path = NormalWallpaper;
			sourceTree = "<group>";
		};
		E393D7161E9C8ECC001CC93D /* DetailWallpaper */ = {
			isa = PBXGroup;
			children = (
			);
			path = DetailWallpaper;
			sourceTree = "<group>";
		};
		E393D7171E9C8ED4001CC93D /* SimpleWallpaper */ = {
			isa = PBXGroup;
			children = (
			);
			path = SimpleWallpaper;
			sourceTree = "<group>";
		};
/* End PBXGroup section */

/* Begin PBXNativeTarget section */
		E3803A021E936CBF0024D76E /* DeviceWallpaper */ = {
			isa = PBXNativeTarget;
			buildConfigurationList = E3803A151E936CBF0024D76E /* Build configuration list for PBXNativeTarget "DeviceWallpaper" */;
			buildPhases = (
				A82B1BE179809AF0A374B5F5 /* [CP] Check Pods Manifest.lock */,
				E350A8111E9C9D1900CECF5E /* Run Script - Carthage */,
				E38039FF1E936CBF0024D76E /* Sources */,
				E3803A001E936CBF0024D76E /* Frameworks */,
				E3803A011E936CBF0024D76E /* Resources */,
				520454CF3DBBF64F8748BDCB /* [CP] Embed Pods Frameworks */,
				836E7767C18EF329CDEC7DED /* [CP] Copy Pods Resources */,
				E379B4F81E9CAA8900D1CDEF /* Run Script - swiftlint */,
			);
			buildRules = (
			);
			dependencies = (
			);
			name = DeviceWallpaper;
			productName = DeviceWallpaper;
			productReference = E3803A031E936CBF0024D76E /* DeviceWallpaper.app */;
			productType = "com.apple.product-type.application";
		};
/* End PBXNativeTarget section */

/* Begin PBXProject section */
		E38039FB1E936CBF0024D76E /* Project object */ = {
			isa = PBXProject;
			attributes = {
				LastSwiftUpdateCheck = 0830;
				LastUpgradeCheck = 0830;
				ORGANIZATIONNAME = star__hoshi;
				TargetAttributes = {
					E3803A021E936CBF0024D76E = {
						CreatedOnToolsVersion = 8.3;
						ProvisioningStyle = Automatic;
					};
				};
			};
			buildConfigurationList = E38039FE1E936CBF0024D76E /* Build configuration list for PBXProject "DeviceWallpaper" */;
			compatibilityVersion = "Xcode 3.2";
			developmentRegion = English;
			hasScannedForEncodings = 0;
			knownRegions = (
				en,
				Base,
			);
			mainGroup = E38039FA1E936CBF0024D76E;
			productRefGroup = E3803A041E936CBF0024D76E /* Products */;
			projectDirPath = "";
			projectRoot = "";
			targets = (
				E3803A021E936CBF0024D76E /* DeviceWallpaper */,
			);
		};
/* End PBXProject section */

/* Begin PBXResourcesBuildPhase section */
		E3803A011E936CBF0024D76E /* Resources */ = {
			isa = PBXResourcesBuildPhase;
			buildActionMask = 2147483647;
			files = (
				E3803A111E936CBF0024D76E /* LaunchScreen.storyboard in Resources */,
				E3803A0E1E936CBF0024D76E /* Assets.xcassets in Resources */,
			);
			runOnlyForDeploymentPostprocessing = 0;
		};
/* End PBXResourcesBuildPhase section */

/* Begin PBXShellScriptBuildPhase section */
		520454CF3DBBF64F8748BDCB /* [CP] Embed Pods Frameworks */ = {
			isa = PBXShellScriptBuildPhase;
			buildActionMask = 2147483647;
			files = (
			);
			inputPaths = (
			);
			name = "[CP] Embed Pods Frameworks";
			outputPaths = (
			);
			runOnlyForDeploymentPostprocessing = 0;
			shellPath = /bin/sh;
			shellScript = "\"${SRCROOT}/Pods/Target Support Files/Pods-DeviceWallpaper/Pods-DeviceWallpaper-frameworks.sh\"\n";
			showEnvVarsInLog = 0;
		};
		836E7767C18EF329CDEC7DED /* [CP] Copy Pods Resources */ = {
			isa = PBXShellScriptBuildPhase;
			buildActionMask = 2147483647;
			files = (
			);
			inputPaths = (
			);
			name = "[CP] Copy Pods Resources";
			outputPaths = (
			);
			runOnlyForDeploymentPostprocessing = 0;
			shellPath = /bin/sh;
			shellScript = "\"${SRCROOT}/Pods/Target Support Files/Pods-DeviceWallpaper/Pods-DeviceWallpaper-resources.sh\"\n";
			showEnvVarsInLog = 0;
		};
		A82B1BE179809AF0A374B5F5 /* [CP] Check Pods Manifest.lock */ = {
			isa = PBXShellScriptBuildPhase;
			buildActionMask = 2147483647;
			files = (
			);
			inputPaths = (
			);
			name = "[CP] Check Pods Manifest.lock";
			outputPaths = (
			);
			runOnlyForDeploymentPostprocessing = 0;
			shellPath = /bin/sh;
			shellScript = "diff \"${PODS_PODFILE_DIR_PATH}/Podfile.lock\" \"${PODS_ROOT}/Manifest.lock\" > /dev/null\nif [ $? != 0 ] ; then\n    # print error to STDERR\n    echo \"error: The sandbox is not in sync with the Podfile.lock. Run 'pod install' or update your CocoaPods installation.\" >&2\n    exit 1\nfi\n";
			showEnvVarsInLog = 0;
		};
		E350A8111E9C9D1900CECF5E /* Run Script - Carthage */ = {
			isa = PBXShellScriptBuildPhase;
			buildActionMask = 2147483647;
			files = (
			);
			inputPaths = (
				"$(SRCROOT)/Carthage/Build/iOS/APIKit.framework",
				"$(SRCROOT)/Carthage/Build/iOS/Result.framework",
				"$(SRCROOT)/Carthage/Build/iOS/SwiftyUserDefaults.framework",
				"$(SRCROOT)/Carthage/Build/iOS/SVProgressHUD.framework",
				"$(SRCROOT)/Carthage/Build/iOS/SwiftDate.framework",
				"$(SRCROOT)/Carthage/Build/iOS/ObjectMapper.framework",
				"$(SRCROOT)/Carthage/Build/iOS/SnapKit.framework",
				"$(SRCROOT)/Carthage/Build/iOS/RxSwift.framework",
				"$(SRCROOT)/Carthage/Build/iOS/RxCocoa.framework",
				"$(SRCROOT)/Carthage/Build/iOS/SwiftyBeaver.framework",
			);
			name = "Run Script - Carthage";
			outputPaths = (
			);
			runOnlyForDeploymentPostprocessing = 0;
			shellPath = /bin/sh;
			shellScript = "/usr/local/bin/carthage copy-frameworks\n";
		};
		E379B4F81E9CAA8900D1CDEF /* Run Script - swiftlint */ = {
			isa = PBXShellScriptBuildPhase;
			buildActionMask = 2147483647;
			files = (
			);
			inputPaths = (
			);
			name = "Run Script - swiftlint";
			outputPaths = (
			);
			runOnlyForDeploymentPostprocessing = 0;
			shellPath = /bin/sh;
			shellScript = "\"${PODS_ROOT}/SwiftLint/swiftlint\"";
		};
/* End PBXShellScriptBuildPhase section */

/* Begin PBXSourcesBuildPhase section */
		E38039FF1E936CBF0024D76E /* Sources */ = {
			isa = PBXSourcesBuildPhase;
			buildActionMask = 2147483647;
			files = (
				E32D05691E9F48B4009C41D2 /* NormalWallpaperRouter.swift in Sources */,
				E379B4FB1E9CB07400D1CDEF /* RootRouter.swift in Sources */,
				E32D055A1E9CBBD7009C41D2 /* WallpaperListViewController.swift in Sources */,
				E319E89B1E9CB3260082BFDF /* WallpaperListRouter.swift in Sources */,
				E3803A071E936CBF0024D76E /* AppDelegate.swift in Sources */,
				E350A8101E9C9C6E00CECF5E /* Log.swift in Sources */,
				E32B1CFC1EA065AF00F9BEF8 /* NormalWallpaperInteractor.swift in Sources */,
				E32D05561E9CBB8B009C41D2 /* WallpaperListPresenter.swift in Sources */,
				E32D05631E9F469A009C41D2 /* NormalWallpaperContract.swift in Sources */,
				E32D05581E9CBB9C009C41D2 /* WallpaperListInteractor.swift in Sources */,
				E32D05651E9F46F7009C41D2 /* NormalWallpaperPresenter.swift in Sources */,
				E350A8131E9C9F0300CECF5E /* DefaultsKeys+Extension.swift in Sources */,
				E32D05611E9CE499009C41D2 /* WallpapersType.swift in Sources */,
				E32D055D1E9CD017009C41D2 /* WallpaperListContract.swift in Sources */,
				E32D05671E9F4705009C41D2 /* NormalWallpaperViewController.swift in Sources */,
				E32D055F1E9CD497009C41D2 /* RootContract.swift in Sources */,
			);
			runOnlyForDeploymentPostprocessing = 0;
		};
/* End PBXSourcesBuildPhase section */

/* Begin PBXVariantGroup section */
		E3803A0F1E936CBF0024D76E /* LaunchScreen.storyboard */ = {
			isa = PBXVariantGroup;
			children = (
				E3803A101E936CBF0024D76E /* Base */,
			);
			name = LaunchScreen.storyboard;
			path = .;
			sourceTree = "<group>";
		};
/* End PBXVariantGroup section */

/* Begin XCBuildConfiguration section */
		E3803A131E936CBF0024D76E /* Debug */ = {
			isa = XCBuildConfiguration;
			buildSettings = {
				ALWAYS_SEARCH_USER_PATHS = NO;
				CLANG_ANALYZER_NONNULL = YES;
				CLANG_ANALYZER_NUMBER_OBJECT_CONVERSION = YES_AGGRESSIVE;
				CLANG_CXX_LANGUAGE_STANDARD = "gnu++0x";
				CLANG_CXX_LIBRARY = "libc++";
				CLANG_ENABLE_MODULES = YES;
				CLANG_ENABLE_OBJC_ARC = YES;
				CLANG_WARN_BOOL_CONVERSION = YES;
				CLANG_WARN_CONSTANT_CONVERSION = YES;
				CLANG_WARN_DIRECT_OBJC_ISA_USAGE = YES_ERROR;
				CLANG_WARN_DOCUMENTATION_COMMENTS = YES;
				CLANG_WARN_EMPTY_BODY = YES;
				CLANG_WARN_ENUM_CONVERSION = YES;
				CLANG_WARN_INFINITE_RECURSION = YES;
				CLANG_WARN_INT_CONVERSION = YES;
				CLANG_WARN_OBJC_ROOT_CLASS = YES_ERROR;
				CLANG_WARN_SUSPICIOUS_MOVE = YES;
				CLANG_WARN_UNREACHABLE_CODE = YES;
				CLANG_WARN__DUPLICATE_METHOD_MATCH = YES;
				"CODE_SIGN_IDENTITY[sdk=iphoneos*]" = "iPhone Developer";
				COPY_PHASE_STRIP = NO;
				DEBUG_INFORMATION_FORMAT = dwarf;
				ENABLE_STRICT_OBJC_MSGSEND = YES;
				ENABLE_TESTABILITY = YES;
				GCC_C_LANGUAGE_STANDARD = gnu99;
				GCC_DYNAMIC_NO_PIC = NO;
				GCC_NO_COMMON_BLOCKS = YES;
				GCC_OPTIMIZATION_LEVEL = 0;
				GCC_PREPROCESSOR_DEFINITIONS = (
					"DEBUG=1",
					"$(inherited)",
				);
				GCC_WARN_64_TO_32_BIT_CONVERSION = YES;
				GCC_WARN_ABOUT_RETURN_TYPE = YES_ERROR;
				GCC_WARN_UNDECLARED_SELECTOR = YES;
				GCC_WARN_UNINITIALIZED_AUTOS = YES_AGGRESSIVE;
				GCC_WARN_UNUSED_FUNCTION = YES;
				GCC_WARN_UNUSED_VARIABLE = YES;
				IPHONEOS_DEPLOYMENT_TARGET = 8.0;
				MTL_ENABLE_DEBUG_INFO = YES;
				ONLY_ACTIVE_ARCH = YES;
				SDKROOT = iphoneos;
				SWIFT_ACTIVE_COMPILATION_CONDITIONS = DEBUG;
				SWIFT_OPTIMIZATION_LEVEL = "-Onone";
			};
			name = Debug;
		};
		E3803A141E936CBF0024D76E /* Release */ = {
			isa = XCBuildConfiguration;
			buildSettings = {
				ALWAYS_SEARCH_USER_PATHS = NO;
				CLANG_ANALYZER_NONNULL = YES;
				CLANG_ANALYZER_NUMBER_OBJECT_CONVERSION = YES_AGGRESSIVE;
				CLANG_CXX_LANGUAGE_STANDARD = "gnu++0x";
				CLANG_CXX_LIBRARY = "libc++";
				CLANG_ENABLE_MODULES = YES;
				CLANG_ENABLE_OBJC_ARC = YES;
				CLANG_WARN_BOOL_CONVERSION = YES;
				CLANG_WARN_CONSTANT_CONVERSION = YES;
				CLANG_WARN_DIRECT_OBJC_ISA_USAGE = YES_ERROR;
				CLANG_WARN_DOCUMENTATION_COMMENTS = YES;
				CLANG_WARN_EMPTY_BODY = YES;
				CLANG_WARN_ENUM_CONVERSION = YES;
				CLANG_WARN_INFINITE_RECURSION = YES;
				CLANG_WARN_INT_CONVERSION = YES;
				CLANG_WARN_OBJC_ROOT_CLASS = YES_ERROR;
				CLANG_WARN_SUSPICIOUS_MOVE = YES;
				CLANG_WARN_UNREACHABLE_CODE = YES;
				CLANG_WARN__DUPLICATE_METHOD_MATCH = YES;
				"CODE_SIGN_IDENTITY[sdk=iphoneos*]" = "iPhone Developer";
				COPY_PHASE_STRIP = NO;
				DEBUG_INFORMATION_FORMAT = "dwarf-with-dsym";
				ENABLE_NS_ASSERTIONS = NO;
				ENABLE_STRICT_OBJC_MSGSEND = YES;
				GCC_C_LANGUAGE_STANDARD = gnu99;
				GCC_NO_COMMON_BLOCKS = YES;
				GCC_WARN_64_TO_32_BIT_CONVERSION = YES;
				GCC_WARN_ABOUT_RETURN_TYPE = YES_ERROR;
				GCC_WARN_UNDECLARED_SELECTOR = YES;
				GCC_WARN_UNINITIALIZED_AUTOS = YES_AGGRESSIVE;
				GCC_WARN_UNUSED_FUNCTION = YES;
				GCC_WARN_UNUSED_VARIABLE = YES;
				IPHONEOS_DEPLOYMENT_TARGET = 8.0;
				MTL_ENABLE_DEBUG_INFO = NO;
				SDKROOT = iphoneos;
				SWIFT_OPTIMIZATION_LEVEL = "-Owholemodule";
				VALIDATE_PRODUCT = YES;
			};
			name = Release;
		};
		E3803A161E936CBF0024D76E /* Debug */ = {
			isa = XCBuildConfiguration;
			baseConfigurationReference = CF75D06F704A4A0FDEF4E4EF /* Pods-DeviceWallpaper.debug.xcconfig */;
			buildSettings = {
				ASSETCATALOG_COMPILER_APPICON_NAME = AppIcon;
				DEVELOPMENT_TEAM = "";
				FRAMEWORK_SEARCH_PATHS = (
					"$(inherited)",
					"$(PROJECT_DIR)/Carthage/Build/iOS",
				);
				INFOPLIST_FILE = DeviceWallpaper/Rosources/Info.plist;
				IPHONEOS_DEPLOYMENT_TARGET = 8.0;
				LD_RUNPATH_SEARCH_PATHS = "$(inherited) @executable_path/Frameworks";
				PRODUCT_BUNDLE_IDENTIFIER = com.starhoshi.DeviceWallpaper;
				PRODUCT_NAME = "$(TARGET_NAME)";
				SWIFT_VERSION = 3.0;
				TARGETED_DEVICE_FAMILY = "1,2";
			};
			name = Debug;
		};
		E3803A171E936CBF0024D76E /* Release */ = {
			isa = XCBuildConfiguration;
			baseConfigurationReference = 5753D11FBB18425A9E087076 /* Pods-DeviceWallpaper.release.xcconfig */;
			buildSettings = {
				ASSETCATALOG_COMPILER_APPICON_NAME = AppIcon;
				DEVELOPMENT_TEAM = "";
				FRAMEWORK_SEARCH_PATHS = (
					"$(inherited)",
					"$(PROJECT_DIR)/Carthage/Build/iOS",
				);
				INFOPLIST_FILE = DeviceWallpaper/Rosources/Info.plist;
				IPHONEOS_DEPLOYMENT_TARGET = 8.0;
				LD_RUNPATH_SEARCH_PATHS = "$(inherited) @executable_path/Frameworks";
				PRODUCT_BUNDLE_IDENTIFIER = com.starhoshi.DeviceWallpaper;
				PRODUCT_NAME = "$(TARGET_NAME)";
				SWIFT_VERSION = 3.0;
				TARGETED_DEVICE_FAMILY = "1,2";
			};
			name = Release;
		};
/* End XCBuildConfiguration section */

/* Begin XCConfigurationList section */
		E38039FE1E936CBF0024D76E /* Build configuration list for PBXProject "DeviceWallpaper" */ = {
			isa = XCConfigurationList;
			buildConfigurations = (
				E3803A131E936CBF0024D76E /* Debug */,
				E3803A141E936CBF0024D76E /* Release */,
			);
			defaultConfigurationIsVisible = 0;
			defaultConfigurationName = Release;
		};
		E3803A151E936CBF0024D76E /* Build configuration list for PBXNativeTarget "DeviceWallpaper" */ = {
			isa = XCConfigurationList;
			buildConfigurations = (
				E3803A161E936CBF0024D76E /* Debug */,
				E3803A171E936CBF0024D76E /* Release */,
			);
			defaultConfigurationIsVisible = 0;
			defaultConfigurationName = Release;
		};
/* End XCConfigurationList section */
	};
	rootObject = E38039FB1E936CBF0024D76E /* Project object */;
}
